// !$*UTF8*$!
{
	archiveVersion = 1;
	classes = {
	};
	objectVersion = 55;
	objects = {

/* Begin PBXBuildFile section */
		4093203DA77B663DEECE6F75 /* Pods_OstazTests.framework in Frameworks */ = {isa = PBXBuildFile; fileRef = 8969C4E8AAC1ED7B41A50729 /* Pods_OstazTests.framework */; };
		924C71154C8BF85913072234 /* Pods_Ostaz.framework in Frameworks */ = {isa = PBXBuildFile; fileRef = 2662B4B43FA68DCB481E170C /* Pods_Ostaz.framework */; };
		9947218739307DEDC367C631 /* Pods_Ostaz_OstazUITests.framework in Frameworks */ = {isa = PBXBuildFile; fileRef = 768B8B4D1E5AF5D70E2FA545 /* Pods_Ostaz_OstazUITests.framework */; };
		A8173525284E68300008CF8E /* AppDelegate.swift in Sources */ = {isa = PBXBuildFile; fileRef = A8173524284E68300008CF8E /* AppDelegate.swift */; };
		A8173527284E68300008CF8E /* SceneDelegate.swift in Sources */ = {isa = PBXBuildFile; fileRef = A8173526284E68300008CF8E /* SceneDelegate.swift */; };
		A8173529284E68300008CF8E /* LoginViewController.swift in Sources */ = {isa = PBXBuildFile; fileRef = A8173528284E68300008CF8E /* LoginViewController.swift */; };
		A817352C284E68300008CF8E /* Main.storyboard in Resources */ = {isa = PBXBuildFile; fileRef = A817352A284E68300008CF8E /* Main.storyboard */; };
		A817352F284E68300008CF8E /* Ostaz.xcdatamodeld in Sources */ = {isa = PBXBuildFile; fileRef = A817352D284E68300008CF8E /* Ostaz.xcdatamodeld */; };
		A8173531284E68320008CF8E /* Assets.xcassets in Resources */ = {isa = PBXBuildFile; fileRef = A8173530284E68320008CF8E /* Assets.xcassets */; };
		A8173534284E68320008CF8E /* LaunchScreen.storyboard in Resources */ = {isa = PBXBuildFile; fileRef = A8173532284E68320008CF8E /* LaunchScreen.storyboard */; };
		A817353F284E68320008CF8E /* OstazTests.swift in Sources */ = {isa = PBXBuildFile; fileRef = A817353E284E68320008CF8E /* OstazTests.swift */; };
		A8173549284E68330008CF8E /* OstazUITests.swift in Sources */ = {isa = PBXBuildFile; fileRef = A8173548284E68330008CF8E /* OstazUITests.swift */; };
		A817354B284E68330008CF8E /* OstazUITestsLaunchTests.swift in Sources */ = {isa = PBXBuildFile; fileRef = A817354A284E68330008CF8E /* OstazUITestsLaunchTests.swift */; };
		A817355B284E7D170008CF8E /* RegisterViewController.swift in Sources */ = {isa = PBXBuildFile; fileRef = A817355A284E7D170008CF8E /* RegisterViewController.swift */; };
		A8174D252858CFA700121A62 /* Auth.storyboard in Resources */ = {isa = PBXBuildFile; fileRef = A8174D242858CFA700121A62 /* Auth.storyboard */; };
		A8174D272858D23E00121A62 /* Home.storyboard in Resources */ = {isa = PBXBuildFile; fileRef = A8174D262858D23E00121A62 /* Home.storyboard */; };
		A839205B2855CF5A00CD2126 /* CollectionViewsSlides.swift in Sources */ = {isa = PBXBuildFile; fileRef = A839205A2855CF5A00CD2126 /* CollectionViewsSlides.swift */; };
		A839205D2855D7BE00CD2126 /* HomeMostViewedCollectionViewCell.swift in Sources */ = {isa = PBXBuildFile; fileRef = A839205C2855D7BE00CD2126 /* HomeMostViewedCollectionViewCell.swift */; };
		A84D15EB28521F55004E1995 /* HomeViewController.swift in Sources */ = {isa = PBXBuildFile; fileRef = A84D15EA28521F55004E1995 /* HomeViewController.swift */; };
		A857EC1C2855FE900095AA01 /* TeacherProfileViewController.swift in Sources */ = {isa = PBXBuildFile; fileRef = A857EC1B2855FE900095AA01 /* TeacherProfileViewController.swift */; };
		A857EC1E285613450095AA01 /* SignupView.xib in Resources */ = {isa = PBXBuildFile; fileRef = A857EC1D285613450095AA01 /* SignupView.xib */; };
		A857EC20285616F50095AA01 /* SignupView.swift in Sources */ = {isa = PBXBuildFile; fileRef = A857EC1F285616F50095AA01 /* SignupView.swift */; };
		A85DFAE3285FB3C700CEF27B /* CategoriesCollectionViewCell.swift in Sources */ = {isa = PBXBuildFile; fileRef = A85DFAE2285FB3C700CEF27B /* CategoriesCollectionViewCell.swift */; };
		A8807DD72861B7F9007E1C9D /* TeacherProfileCollectionViewCell.swift in Sources */ = {isa = PBXBuildFile; fileRef = A8807DD62861B7F9007E1C9D /* TeacherProfileCollectionViewCell.swift */; };
		A8807DD92861F336007E1C9D /* PromotionForTeacherVC.swift in Sources */ = {isa = PBXBuildFile; fileRef = A8807DD82861F336007E1C9D /* PromotionForTeacherVC.swift */; };
		A8954B08284F4D6600493142 /* ExstensionsAndViews.swift in Sources */ = {isa = PBXBuildFile; fileRef = A8954B07284F4D6600493142 /* ExstensionsAndViews.swift */; };
		A89CD13F28587832009D049D /* MoreViewController.swift in Sources */ = {isa = PBXBuildFile; fileRef = A89CD13E28587832009D049D /* MoreViewController.swift */; };
		A89CD14128588A99009D049D /* AcountViewController.swift in Sources */ = {isa = PBXBuildFile; fileRef = A89CD14028588A99009D049D /* AcountViewController.swift */; };
		A89CD14628588D15009D049D /* AccountCustomView.xib in Resources */ = {isa = PBXBuildFile; fileRef = A89CD14528588D15009D049D /* AccountCustomView.xib */; };
		A89CD14828589B52009D049D /* WishListViewController.swift in Sources */ = {isa = PBXBuildFile; fileRef = A89CD14728589B52009D049D /* WishListViewController.swift */; };
		A89CD14B28589C99009D049D /* WishListCell.swift in Sources */ = {isa = PBXBuildFile; fileRef = A89CD14928589C99009D049D /* WishListCell.swift */; };
		A89CD14C28589C99009D049D /* WishListCell.xib in Resources */ = {isa = PBXBuildFile; fileRef = A89CD14A28589C99009D049D /* WishListCell.xib */; };
		A89CD14F2858A52E009D049D /* CategoriesViewController.swift in Sources */ = {isa = PBXBuildFile; fileRef = A89CD14E2858A52E009D049D /* CategoriesViewController.swift */; };
		A89CD1512858B05F009D049D /* WishListItems.swift in Sources */ = {isa = PBXBuildFile; fileRef = A89CD1502858B05F009D049D /* WishListItems.swift */; };
		A89CD1532858BACB009D049D /* SportsViewController.swift in Sources */ = {isa = PBXBuildFile; fileRef = A89CD1522858BACB009D049D /* SportsViewController.swift */; };
		A8A7DD5C2861596D00DABB8A /* AccountCustomView.swift in Sources */ = {isa = PBXBuildFile; fileRef = A8A7DD5B2861596D00DABB8A /* AccountCustomView.swift */; };
		A8A7DD5E286162FE00DABB8A /* PasswordCustomView.swift in Sources */ = {isa = PBXBuildFile; fileRef = A8A7DD5D286162FE00DABB8A /* PasswordCustomView.swift */; };
		A8A7DD6028617A8100DABB8A /* HomeCategoriesCollectionViewCell.swift in Sources */ = {isa = PBXBuildFile; fileRef = A8A7DD5F28617A8100DABB8A /* HomeCategoriesCollectionViewCell.swift */; };
		A8B33C1A284F91900025BE8A /* LocationViewController.swift in Sources */ = {isa = PBXBuildFile; fileRef = A8B33C19284F91900025BE8A /* LocationViewController.swift */; };
		A8B499042863D4760038C782 /* HomeFilterVC.swift in Sources */ = {isa = PBXBuildFile; fileRef = A8B499032863D4760038C782 /* HomeFilterVC.swift */; };
		A8B750D22860012700305575 /* ForgetPasswordVC.swift in Sources */ = {isa = PBXBuildFile; fileRef = A8B750D12860012700305575 /* ForgetPasswordVC.swift */; };
		A8B750D5286006E600305575 /* PasswordCustomView.xib in Resources */ = {isa = PBXBuildFile; fileRef = A8B750D4286006E600305575 /* PasswordCustomView.xib */; };
		A8DC659A28577590008879B4 /* EditPasswordViewController.swift in Sources */ = {isa = PBXBuildFile; fileRef = A8DC659928577590008879B4 /* EditPasswordViewController.swift */; };
		A8E1F80128620A87004DFC21 /* TeacherPromotionCollectionViewCell.swift in Sources */ = {isa = PBXBuildFile; fileRef = A8E1F80028620A87004DFC21 /* TeacherPromotionCollectionViewCell.swift */; };
/* End PBXBuildFile section */

/* Begin PBXContainerItemProxy section */
		A817353B284E68320008CF8E /* PBXContainerItemProxy */ = {
			isa = PBXContainerItemProxy;
			containerPortal = A8173519284E68300008CF8E /* Project object */;
			proxyType = 1;
			remoteGlobalIDString = A8173520284E68300008CF8E;
			remoteInfo = Ostaz;
		};
		A8173545284E68330008CF8E /* PBXContainerItemProxy */ = {
			isa = PBXContainerItemProxy;
			containerPortal = A8173519284E68300008CF8E /* Project object */;
			proxyType = 1;
			remoteGlobalIDString = A8173520284E68300008CF8E;
			remoteInfo = Ostaz;
		};
/* End PBXContainerItemProxy section */

/* Begin PBXFileReference section */
		04A961C387F5FE05530BA173 /* Pods-OstazTests.release.xcconfig */ = {isa = PBXFileReference; includeInIndex = 1; lastKnownFileType = text.xcconfig; name = "Pods-OstazTests.release.xcconfig"; path = "Target Support Files/Pods-OstazTests/Pods-OstazTests.release.xcconfig"; sourceTree = "<group>"; };
		2662B4B43FA68DCB481E170C /* Pods_Ostaz.framework */ = {isa = PBXFileReference; explicitFileType = wrapper.framework; includeInIndex = 0; path = Pods_Ostaz.framework; sourceTree = BUILT_PRODUCTS_DIR; };
		5105CFB83A03B8B2DDC7E5D3 /* Pods-OstazTests.debug.xcconfig */ = {isa = PBXFileReference; includeInIndex = 1; lastKnownFileType = text.xcconfig; name = "Pods-OstazTests.debug.xcconfig"; path = "Target Support Files/Pods-OstazTests/Pods-OstazTests.debug.xcconfig"; sourceTree = "<group>"; };
		768B8B4D1E5AF5D70E2FA545 /* Pods_Ostaz_OstazUITests.framework */ = {isa = PBXFileReference; explicitFileType = wrapper.framework; includeInIndex = 0; path = Pods_Ostaz_OstazUITests.framework; sourceTree = BUILT_PRODUCTS_DIR; };
		7C2CB43151644BE8B5BF2FE2 /* Pods-Ostaz-OstazUITests.debug.xcconfig */ = {isa = PBXFileReference; includeInIndex = 1; lastKnownFileType = text.xcconfig; name = "Pods-Ostaz-OstazUITests.debug.xcconfig"; path = "Target Support Files/Pods-Ostaz-OstazUITests/Pods-Ostaz-OstazUITests.debug.xcconfig"; sourceTree = "<group>"; };
		8969C4E8AAC1ED7B41A50729 /* Pods_OstazTests.framework */ = {isa = PBXFileReference; explicitFileType = wrapper.framework; includeInIndex = 0; path = Pods_OstazTests.framework; sourceTree = BUILT_PRODUCTS_DIR; };
		9157A2E03C1536D7F265321D /* Pods-Ostaz.release.xcconfig */ = {isa = PBXFileReference; includeInIndex = 1; lastKnownFileType = text.xcconfig; name = "Pods-Ostaz.release.xcconfig"; path = "Target Support Files/Pods-Ostaz/Pods-Ostaz.release.xcconfig"; sourceTree = "<group>"; };
		A8173521284E68300008CF8E /* Ostaz.app */ = {isa = PBXFileReference; explicitFileType = wrapper.application; includeInIndex = 0; path = Ostaz.app; sourceTree = BUILT_PRODUCTS_DIR; };
		A8173524284E68300008CF8E /* AppDelegate.swift */ = {isa = PBXFileReference; lastKnownFileType = sourcecode.swift; path = AppDelegate.swift; sourceTree = "<group>"; };
		A8173526284E68300008CF8E /* SceneDelegate.swift */ = {isa = PBXFileReference; lastKnownFileType = sourcecode.swift; path = SceneDelegate.swift; sourceTree = "<group>"; };
		A8173528284E68300008CF8E /* LoginViewController.swift */ = {isa = PBXFileReference; lastKnownFileType = sourcecode.swift; path = LoginViewController.swift; sourceTree = "<group>"; };
		A817352B284E68300008CF8E /* Base */ = {isa = PBXFileReference; lastKnownFileType = file.storyboard; name = Base; path = Base.lproj/Main.storyboard; sourceTree = "<group>"; };
		A817352E284E68300008CF8E /* Ostaz.xcdatamodel */ = {isa = PBXFileReference; lastKnownFileType = wrapper.xcdatamodel; path = Ostaz.xcdatamodel; sourceTree = "<group>"; };
		A8173530284E68320008CF8E /* Assets.xcassets */ = {isa = PBXFileReference; lastKnownFileType = folder.assetcatalog; path = Assets.xcassets; sourceTree = "<group>"; };
		A8173533284E68320008CF8E /* Base */ = {isa = PBXFileReference; lastKnownFileType = file.storyboard; name = Base; path = Base.lproj/LaunchScreen.storyboard; sourceTree = "<group>"; };
		A8173535284E68320008CF8E /* Info.plist */ = {isa = PBXFileReference; lastKnownFileType = text.plist.xml; path = Info.plist; sourceTree = "<group>"; };
		A817353A284E68320008CF8E /* OstazTests.xctest */ = {isa = PBXFileReference; explicitFileType = wrapper.cfbundle; includeInIndex = 0; path = OstazTests.xctest; sourceTree = BUILT_PRODUCTS_DIR; };
		A817353E284E68320008CF8E /* OstazTests.swift */ = {isa = PBXFileReference; lastKnownFileType = sourcecode.swift; path = OstazTests.swift; sourceTree = "<group>"; };
		A8173544284E68330008CF8E /* OstazUITests.xctest */ = {isa = PBXFileReference; explicitFileType = wrapper.cfbundle; includeInIndex = 0; path = OstazUITests.xctest; sourceTree = BUILT_PRODUCTS_DIR; };
		A8173548284E68330008CF8E /* OstazUITests.swift */ = {isa = PBXFileReference; lastKnownFileType = sourcecode.swift; path = OstazUITests.swift; sourceTree = "<group>"; };
		A817354A284E68330008CF8E /* OstazUITestsLaunchTests.swift */ = {isa = PBXFileReference; lastKnownFileType = sourcecode.swift; path = OstazUITestsLaunchTests.swift; sourceTree = "<group>"; };
		A817355A284E7D170008CF8E /* RegisterViewController.swift */ = {isa = PBXFileReference; lastKnownFileType = sourcecode.swift; path = RegisterViewController.swift; sourceTree = "<group>"; };
		A8174D242858CFA700121A62 /* Auth.storyboard */ = {isa = PBXFileReference; lastKnownFileType = file.storyboard; path = Auth.storyboard; sourceTree = "<group>"; };
		A8174D262858D23E00121A62 /* Home.storyboard */ = {isa = PBXFileReference; lastKnownFileType = file.storyboard; path = Home.storyboard; sourceTree = "<group>"; };
		A839205A2855CF5A00CD2126 /* CollectionViewsSlides.swift */ = {isa = PBXFileReference; lastKnownFileType = sourcecode.swift; path = CollectionViewsSlides.swift; sourceTree = "<group>"; };
		A839205C2855D7BE00CD2126 /* HomeMostViewedCollectionViewCell.swift */ = {isa = PBXFileReference; lastKnownFileType = sourcecode.swift; path = HomeMostViewedCollectionViewCell.swift; sourceTree = "<group>"; };
		A84D15EA28521F55004E1995 /* HomeViewController.swift */ = {isa = PBXFileReference; lastKnownFileType = sourcecode.swift; path = HomeViewController.swift; sourceTree = "<group>"; };
		A857EC1B2855FE900095AA01 /* TeacherProfileViewController.swift */ = {isa = PBXFileReference; lastKnownFileType = sourcecode.swift; path = TeacherProfileViewController.swift; sourceTree = "<group>"; };
		A857EC1D285613450095AA01 /* SignupView.xib */ = {isa = PBXFileReference; lastKnownFileType = file.xib; path = SignupView.xib; sourceTree = "<group>"; };
		A857EC1F285616F50095AA01 /* SignupView.swift */ = {isa = PBXFileReference; lastKnownFileType = sourcecode.swift; path = SignupView.swift; sourceTree = "<group>"; };
		A85DFAE2285FB3C700CEF27B /* CategoriesCollectionViewCell.swift */ = {isa = PBXFileReference; lastKnownFileType = sourcecode.swift; path = CategoriesCollectionViewCell.swift; sourceTree = "<group>"; };
		A8807DD62861B7F9007E1C9D /* TeacherProfileCollectionViewCell.swift */ = {isa = PBXFileReference; lastKnownFileType = sourcecode.swift; path = TeacherProfileCollectionViewCell.swift; sourceTree = "<group>"; };
		A8807DD82861F336007E1C9D /* PromotionForTeacherVC.swift */ = {isa = PBXFileReference; lastKnownFileType = sourcecode.swift; path = PromotionForTeacherVC.swift; sourceTree = "<group>"; };
		A8954B07284F4D6600493142 /* ExstensionsAndViews.swift */ = {isa = PBXFileReference; lastKnownFileType = sourcecode.swift; path = ExstensionsAndViews.swift; sourceTree = "<group>"; };
		A89CD13E28587832009D049D /* MoreViewController.swift */ = {isa = PBXFileReference; lastKnownFileType = sourcecode.swift; path = MoreViewController.swift; sourceTree = "<group>"; };
		A89CD14028588A99009D049D /* AcountViewController.swift */ = {isa = PBXFileReference; lastKnownFileType = sourcecode.swift; path = AcountViewController.swift; sourceTree = "<group>"; };
		A89CD14528588D15009D049D /* AccountCustomView.xib */ = {isa = PBXFileReference; lastKnownFileType = file.xib; path = AccountCustomView.xib; sourceTree = "<group>"; };
		A89CD14728589B52009D049D /* WishListViewController.swift */ = {isa = PBXFileReference; lastKnownFileType = sourcecode.swift; path = WishListViewController.swift; sourceTree = "<group>"; };
		A89CD14928589C99009D049D /* WishListCell.swift */ = {isa = PBXFileReference; lastKnownFileType = sourcecode.swift; path = WishListCell.swift; sourceTree = "<group>"; };
		A89CD14A28589C99009D049D /* WishListCell.xib */ = {isa = PBXFileReference; lastKnownFileType = file.xib; path = WishListCell.xib; sourceTree = "<group>"; };
		A89CD14E2858A52E009D049D /* CategoriesViewController.swift */ = {isa = PBXFileReference; lastKnownFileType = sourcecode.swift; path = CategoriesViewController.swift; sourceTree = "<group>"; };
		A89CD1502858B05F009D049D /* WishListItems.swift */ = {isa = PBXFileReference; lastKnownFileType = sourcecode.swift; path = WishListItems.swift; sourceTree = "<group>"; };
		A89CD1522858BACB009D049D /* SportsViewController.swift */ = {isa = PBXFileReference; lastKnownFileType = sourcecode.swift; path = SportsViewController.swift; sourceTree = "<group>"; };
		A8A7DD5B2861596D00DABB8A /* AccountCustomView.swift */ = {isa = PBXFileReference; lastKnownFileType = sourcecode.swift; path = AccountCustomView.swift; sourceTree = "<group>"; };
		A8A7DD5D286162FE00DABB8A /* PasswordCustomView.swift */ = {isa = PBXFileReference; lastKnownFileType = sourcecode.swift; path = PasswordCustomView.swift; sourceTree = "<group>"; };
		A8A7DD5F28617A8100DABB8A /* HomeCategoriesCollectionViewCell.swift */ = {isa = PBXFileReference; lastKnownFileType = sourcecode.swift; path = HomeCategoriesCollectionViewCell.swift; sourceTree = "<group>"; };
		A8B33C19284F91900025BE8A /* LocationViewController.swift */ = {isa = PBXFileReference; lastKnownFileType = sourcecode.swift; path = LocationViewController.swift; sourceTree = "<group>"; };
		A8B499032863D4760038C782 /* HomeFilterVC.swift */ = {isa = PBXFileReference; lastKnownFileType = sourcecode.swift; path = HomeFilterVC.swift; sourceTree = "<group>"; };
		A8B750D12860012700305575 /* ForgetPasswordVC.swift */ = {isa = PBXFileReference; lastKnownFileType = sourcecode.swift; path = ForgetPasswordVC.swift; sourceTree = "<group>"; };
		A8B750D4286006E600305575 /* PasswordCustomView.xib */ = {isa = PBXFileReference; lastKnownFileType = file.xib; path = PasswordCustomView.xib; sourceTree = "<group>"; };
		A8DC659928577590008879B4 /* EditPasswordViewController.swift */ = {isa = PBXFileReference; lastKnownFileType = sourcecode.swift; path = EditPasswordViewController.swift; sourceTree = "<group>"; };
		A8E1F80028620A87004DFC21 /* TeacherPromotionCollectionViewCell.swift */ = {isa = PBXFileReference; lastKnownFileType = sourcecode.swift; path = TeacherPromotionCollectionViewCell.swift; sourceTree = "<group>"; };
		AF56F268C1243AC2F59B4D84 /* Pods-Ostaz.debug.xcconfig */ = {isa = PBXFileReference; includeInIndex = 1; lastKnownFileType = text.xcconfig; name = "Pods-Ostaz.debug.xcconfig"; path = "Target Support Files/Pods-Ostaz/Pods-Ostaz.debug.xcconfig"; sourceTree = "<group>"; };
		DB66CA99EA88BE48D1F9CB93 /* Pods-Ostaz-OstazUITests.release.xcconfig */ = {isa = PBXFileReference; includeInIndex = 1; lastKnownFileType = text.xcconfig; name = "Pods-Ostaz-OstazUITests.release.xcconfig"; path = "Target Support Files/Pods-Ostaz-OstazUITests/Pods-Ostaz-OstazUITests.release.xcconfig"; sourceTree = "<group>"; };
/* End PBXFileReference section */

/* Begin PBXFrameworksBuildPhase section */
		A817351E284E68300008CF8E /* Frameworks */ = {
			isa = PBXFrameworksBuildPhase;
			buildActionMask = 2147483647;
			files = (
				924C71154C8BF85913072234 /* Pods_Ostaz.framework in Frameworks */,
			);
			runOnlyForDeploymentPostprocessing = 0;
		};
		A8173537284E68320008CF8E /* Frameworks */ = {
			isa = PBXFrameworksBuildPhase;
			buildActionMask = 2147483647;
			files = (
				4093203DA77B663DEECE6F75 /* Pods_OstazTests.framework in Frameworks */,
			);
			runOnlyForDeploymentPostprocessing = 0;
		};
		A8173541284E68330008CF8E /* Frameworks */ = {
			isa = PBXFrameworksBuildPhase;
			buildActionMask = 2147483647;
			files = (
				9947218739307DEDC367C631 /* Pods_Ostaz_OstazUITests.framework in Frameworks */,
			);
			runOnlyForDeploymentPostprocessing = 0;
		};
/* End PBXFrameworksBuildPhase section */

/* Begin PBXGroup section */
		34A2C432CE7C788033ACB236 /* Frameworks */ = {
			isa = PBXGroup;
			children = (
				2662B4B43FA68DCB481E170C /* Pods_Ostaz.framework */,
				768B8B4D1E5AF5D70E2FA545 /* Pods_Ostaz_OstazUITests.framework */,
				8969C4E8AAC1ED7B41A50729 /* Pods_OstazTests.framework */,
			);
			name = Frameworks;
			sourceTree = "<group>";
		};
		A8173518284E68300008CF8E = {
			isa = PBXGroup;
			children = (
				A8173523284E68300008CF8E /* Ostaz */,
				A817353D284E68320008CF8E /* OstazTests */,
				A8173547284E68330008CF8E /* OstazUITests */,
				A8173522284E68300008CF8E /* Products */,
				C85D77CDE44C3C1FFD3EF048 /* Pods */,
				34A2C432CE7C788033ACB236 /* Frameworks */,
			);
			sourceTree = "<group>";
		};
		A8173522284E68300008CF8E /* Products */ = {
			isa = PBXGroup;
			children = (
				A8173521284E68300008CF8E /* Ostaz.app */,
				A817353A284E68320008CF8E /* OstazTests.xctest */,
				A8173544284E68330008CF8E /* OstazUITests.xctest */,
			);
			name = Products;
			sourceTree = "<group>";
		};
		A8173523284E68300008CF8E /* Ostaz */ = {
			isa = PBXGroup;
			children = (
				A8173524284E68300008CF8E /* AppDelegate.swift */,
				A8173526284E68300008CF8E /* SceneDelegate.swift */,
				A8954B09284F4D6B00493142 /* Exstensions */,
				A83920592855CF1900CD2126 /* Models */,
				A8173557284E684A0008CF8E /* Views */,
				A8173558284E68520008CF8E /* Controllers */,
				A8173559284E686B0008CF8E /* Assets & Launch */,
				A8173535284E68320008CF8E /* Info.plist */,
				A817352D284E68300008CF8E /* Ostaz.xcdatamodeld */,
			);
			path = Ostaz;
			sourceTree = "<group>";
		};
		A817353D284E68320008CF8E /* OstazTests */ = {
			isa = PBXGroup;
			children = (
				A817353E284E68320008CF8E /* OstazTests.swift */,
			);
			path = OstazTests;
			sourceTree = "<group>";
		};
		A8173547284E68330008CF8E /* OstazUITests */ = {
			isa = PBXGroup;
			children = (
				A8173548284E68330008CF8E /* OstazUITests.swift */,
				A817354A284E68330008CF8E /* OstazUITestsLaunchTests.swift */,
			);
			path = OstazUITests;
			sourceTree = "<group>";
		};
		A8173557284E684A0008CF8E /* Views */ = {
			isa = PBXGroup;
			children = (
				A857EC2128561B5E0095AA01 /* Nib Views */,
				A817352A284E68300008CF8E /* Main.storyboard */,
				A8174D242858CFA700121A62 /* Auth.storyboard */,
				A8174D262858D23E00121A62 /* Home.storyboard */,
			);
			path = Views;
			sourceTree = "<group>";
		};
		A8173558284E68520008CF8E /* Controllers */ = {
			isa = PBXGroup;
			children = (
				A85DFAE6285FB40200CEF27B /* Main */,
				A85DFAE5285FB3F800CEF27B /* Auth */,
				A85DFAE4285FB3D500CEF27B /* Home */,
			);
			path = Controllers;
			sourceTree = "<group>";
		};
		A8173559284E686B0008CF8E /* Assets & Launch */ = {
			isa = PBXGroup;
			children = (
				A8173530284E68320008CF8E /* Assets.xcassets */,
				A8173532284E68320008CF8E /* LaunchScreen.storyboard */,
			);
			path = "Assets & Launch";
			sourceTree = "<group>";
		};
		A83920592855CF1900CD2126 /* Models */ = {
			isa = PBXGroup;
			children = (
				A839205A2855CF5A00CD2126 /* CollectionViewsSlides.swift */,
				A89CD1502858B05F009D049D /* WishListItems.swift */,
			);
			path = Models;
			sourceTree = "<group>";
		};
		A857EC2128561B5E0095AA01 /* Nib Views */ = {
			isa = PBXGroup;
			children = (
				A8B750D3286006BB00305575 /* ForgetPasswordView */,
				A89CD14D28589CAA009D049D /* WishList */,
				A89CD14228588C93009D049D /* AcountTeacher */,
				A857EC2228561BA70095AA01 /* Signup */,
			);
			path = "Nib Views";
			sourceTree = "<group>";
		};
		A857EC2228561BA70095AA01 /* Signup */ = {
			isa = PBXGroup;
			children = (
				A857EC1F285616F50095AA01 /* SignupView.swift */,
				A857EC1D285613450095AA01 /* SignupView.xib */,
			);
			path = Signup;
			sourceTree = "<group>";
		};
		A85DFAE4285FB3D500CEF27B /* Home */ = {
			isa = PBXGroup;
			children = (
				A84D15EA28521F55004E1995 /* HomeViewController.swift */,
				A8B499032863D4760038C782 /* HomeFilterVC.swift */,
				A839205C2855D7BE00CD2126 /* HomeMostViewedCollectionViewCell.swift */,
				A8A7DD5F28617A8100DABB8A /* HomeCategoriesCollectionViewCell.swift */,
				A89CD14E2858A52E009D049D /* CategoriesViewController.swift */,
				A85DFAE2285FB3C700CEF27B /* CategoriesCollectionViewCell.swift */,
				A89CD14728589B52009D049D /* WishListViewController.swift */,
				A89CD13E28587832009D049D /* MoreViewController.swift */,
			);
			path = Home;
			sourceTree = "<group>";
		};
		A85DFAE5285FB3F800CEF27B /* Auth */ = {
			isa = PBXGroup;
			children = (
				A8173528284E68300008CF8E /* LoginViewController.swift */,
				A817355A284E7D170008CF8E /* RegisterViewController.swift */,
				A8DC659928577590008879B4 /* EditPasswordViewController.swift */,
				A8B750D12860012700305575 /* ForgetPasswordVC.swift */,
			);
			path = Auth;
			sourceTree = "<group>";
		};
		A85DFAE6285FB40200CEF27B /* Main */ = {
			isa = PBXGroup;
			children = (
				A857EC1B2855FE900095AA01 /* TeacherProfileViewController.swift */,
				A8807DD62861B7F9007E1C9D /* TeacherProfileCollectionViewCell.swift */,
				A8B33C19284F91900025BE8A /* LocationViewController.swift */,
				A89CD14028588A99009D049D /* AcountViewController.swift */,
				A89CD1522858BACB009D049D /* SportsViewController.swift */,
				A8807DD82861F336007E1C9D /* PromotionForTeacherVC.swift */,
				A8E1F80028620A87004DFC21 /* TeacherPromotionCollectionViewCell.swift */,
			);
			path = Main;
			sourceTree = "<group>";
		};
		A8954B09284F4D6B00493142 /* Exstensions */ = {
			isa = PBXGroup;
			children = (
				A8954B07284F4D6600493142 /* ExstensionsAndViews.swift */,
			);
			path = Exstensions;
			sourceTree = "<group>";
		};
		A89CD14228588C93009D049D /* AcountTeacher */ = {
			isa = PBXGroup;
			children = (
				A89CD14528588D15009D049D /* AccountCustomView.xib */,
				A8A7DD5B2861596D00DABB8A /* AccountCustomView.swift */,
			);
			path = AcountTeacher;
			sourceTree = "<group>";
		};
		A89CD14D28589CAA009D049D /* WishList */ = {
			isa = PBXGroup;
			children = (
				A89CD14928589C99009D049D /* WishListCell.swift */,
				A89CD14A28589C99009D049D /* WishListCell.xib */,
			);
			path = WishList;
			sourceTree = "<group>";
		};
		A8B750D3286006BB00305575 /* ForgetPasswordView */ = {
			isa = PBXGroup;
			children = (
				A8B750D4286006E600305575 /* PasswordCustomView.xib */,
				A8A7DD5D286162FE00DABB8A /* PasswordCustomView.swift */,
			);
			path = ForgetPasswordView;
			sourceTree = "<group>";
		};
		C85D77CDE44C3C1FFD3EF048 /* Pods */ = {
			isa = PBXGroup;
			children = (
				AF56F268C1243AC2F59B4D84 /* Pods-Ostaz.debug.xcconfig */,
				9157A2E03C1536D7F265321D /* Pods-Ostaz.release.xcconfig */,
				7C2CB43151644BE8B5BF2FE2 /* Pods-Ostaz-OstazUITests.debug.xcconfig */,
				DB66CA99EA88BE48D1F9CB93 /* Pods-Ostaz-OstazUITests.release.xcconfig */,
				5105CFB83A03B8B2DDC7E5D3 /* Pods-OstazTests.debug.xcconfig */,
				04A961C387F5FE05530BA173 /* Pods-OstazTests.release.xcconfig */,
			);
			path = Pods;
			sourceTree = "<group>";
		};
/* End PBXGroup section */

/* Begin PBXNativeTarget section */
		A8173520284E68300008CF8E /* Ostaz */ = {
			isa = PBXNativeTarget;
			buildConfigurationList = A817354E284E68330008CF8E /* Build configuration list for PBXNativeTarget "Ostaz" */;
			buildPhases = (
				3BD63D342FC9B9D7E9EBD5C8 /* [CP] Check Pods Manifest.lock */,
				A817351D284E68300008CF8E /* Sources */,
				A817351E284E68300008CF8E /* Frameworks */,
				A817351F284E68300008CF8E /* Resources */,
				594603FF617F62E0545F0F3C /* [CP] Embed Pods Frameworks */,
			);
			buildRules = (
			);
			dependencies = (
			);
			name = Ostaz;
			productName = Ostaz;
			productReference = A8173521284E68300008CF8E /* Ostaz.app */;
			productType = "com.apple.product-type.application";
		};
		A8173539284E68320008CF8E /* OstazTests */ = {
			isa = PBXNativeTarget;
			buildConfigurationList = A8173551284E68330008CF8E /* Build configuration list for PBXNativeTarget "OstazTests" */;
			buildPhases = (
				237AEA15870403FDEB16D26B /* [CP] Check Pods Manifest.lock */,
				A8173536284E68320008CF8E /* Sources */,
				A8173537284E68320008CF8E /* Frameworks */,
				A8173538284E68320008CF8E /* Resources */,
			);
			buildRules = (
			);
			dependencies = (
				A817353C284E68320008CF8E /* PBXTargetDependency */,
			);
			name = OstazTests;
			productName = OstazTests;
			productReference = A817353A284E68320008CF8E /* OstazTests.xctest */;
			productType = "com.apple.product-type.bundle.unit-test";
		};
		A8173543284E68330008CF8E /* OstazUITests */ = {
			isa = PBXNativeTarget;
			buildConfigurationList = A8173554284E68330008CF8E /* Build configuration list for PBXNativeTarget "OstazUITests" */;
			buildPhases = (
				E7B06DB138793EFFBE26C22E /* [CP] Check Pods Manifest.lock */,
				A8173540284E68330008CF8E /* Sources */,
				A8173541284E68330008CF8E /* Frameworks */,
				A8173542284E68330008CF8E /* Resources */,
				25274F5DD533F59B2D219815 /* [CP] Embed Pods Frameworks */,
			);
			buildRules = (
			);
			dependencies = (
				A8173546284E68330008CF8E /* PBXTargetDependency */,
			);
			name = OstazUITests;
			productName = OstazUITests;
			productReference = A8173544284E68330008CF8E /* OstazUITests.xctest */;
			productType = "com.apple.product-type.bundle.ui-testing";
		};
/* End PBXNativeTarget section */

/* Begin PBXProject section */
		A8173519284E68300008CF8E /* Project object */ = {
			isa = PBXProject;
			attributes = {
				BuildIndependentTargetsInParallel = 1;
				LastSwiftUpdateCheck = 1340;
				LastUpgradeCheck = 1340;
				TargetAttributes = {
					A8173520284E68300008CF8E = {
						CreatedOnToolsVersion = 13.4;
					};
					A8173539284E68320008CF8E = {
						CreatedOnToolsVersion = 13.4;
						TestTargetID = A8173520284E68300008CF8E;
					};
					A8173543284E68330008CF8E = {
						CreatedOnToolsVersion = 13.4;
						TestTargetID = A8173520284E68300008CF8E;
					};
				};
			};
			buildConfigurationList = A817351C284E68300008CF8E /* Build configuration list for PBXProject "Ostaz" */;
			compatibilityVersion = "Xcode 13.0";
			developmentRegion = en;
			hasScannedForEncodings = 0;
			knownRegions = (
				en,
				Base,
			);
			mainGroup = A8173518284E68300008CF8E;
			productRefGroup = A8173522284E68300008CF8E /* Products */;
			projectDirPath = "";
			projectRoot = "";
			targets = (
				A8173520284E68300008CF8E /* Ostaz */,
				A8173539284E68320008CF8E /* OstazTests */,
				A8173543284E68330008CF8E /* OstazUITests */,
			);
		};
/* End PBXProject section */

/* Begin PBXResourcesBuildPhase section */
		A817351F284E68300008CF8E /* Resources */ = {
			isa = PBXResourcesBuildPhase;
			buildActionMask = 2147483647;
			files = (
				A8174D252858CFA700121A62 /* Auth.storyboard in Resources */,
				A857EC1E285613450095AA01 /* SignupView.xib in Resources */,
				A8173534284E68320008CF8E /* LaunchScreen.storyboard in Resources */,
				A8173531284E68320008CF8E /* Assets.xcassets in Resources */,
				A8B750D5286006E600305575 /* PasswordCustomView.xib in Resources */,
				A8174D272858D23E00121A62 /* Home.storyboard in Resources */,
				A89CD14628588D15009D049D /* AccountCustomView.xib in Resources */,
				A89CD14C28589C99009D049D /* WishListCell.xib in Resources */,
				A817352C284E68300008CF8E /* Main.storyboard in Resources */,
			);
			runOnlyForDeploymentPostprocessing = 0;
		};
		A8173538284E68320008CF8E /* Resources */ = {
			isa = PBXResourcesBuildPhase;
			buildActionMask = 2147483647;
			files = (
			);
			runOnlyForDeploymentPostprocessing = 0;
		};
		A8173542284E68330008CF8E /* Resources */ = {
			isa = PBXResourcesBuildPhase;
			buildActionMask = 2147483647;
			files = (
			);
			runOnlyForDeploymentPostprocessing = 0;
		};
/* End PBXResourcesBuildPhase section */

/* Begin PBXShellScriptBuildPhase section */
		237AEA15870403FDEB16D26B /* [CP] Check Pods Manifest.lock */ = {
			isa = PBXShellScriptBuildPhase;
			buildActionMask = 2147483647;
			files = (
			);
			inputFileListPaths = (
			);
			inputPaths = (
				"${PODS_PODFILE_DIR_PATH}/Podfile.lock",
				"${PODS_ROOT}/Manifest.lock",
			);
			name = "[CP] Check Pods Manifest.lock";
			outputFileListPaths = (
			);
			outputPaths = (
				"$(DERIVED_FILE_DIR)/Pods-OstazTests-checkManifestLockResult.txt",
			);
			runOnlyForDeploymentPostprocessing = 0;
			shellPath = /bin/sh;
			shellScript = "diff \"${PODS_PODFILE_DIR_PATH}/Podfile.lock\" \"${PODS_ROOT}/Manifest.lock\" > /dev/null\nif [ $? != 0 ] ; then\n    # print error to STDERR\n    echo \"error: The sandbox is not in sync with the Podfile.lock. Run 'pod install' or update your CocoaPods installation.\" >&2\n    exit 1\nfi\n# This output is used by Xcode 'outputs' to avoid re-running this script phase.\necho \"SUCCESS\" > \"${SCRIPT_OUTPUT_FILE_0}\"\n";
			showEnvVarsInLog = 0;
		};
		25274F5DD533F59B2D219815 /* [CP] Embed Pods Frameworks */ = {
			isa = PBXShellScriptBuildPhase;
			buildActionMask = 2147483647;
			files = (
			);
			inputFileListPaths = (
				"${PODS_ROOT}/Target Support Files/Pods-Ostaz-OstazUITests/Pods-Ostaz-OstazUITests-frameworks-${CONFIGURATION}-input-files.xcfilelist",
			);
			name = "[CP] Embed Pods Frameworks";
			outputFileListPaths = (
				"${PODS_ROOT}/Target Support Files/Pods-Ostaz-OstazUITests/Pods-Ostaz-OstazUITests-frameworks-${CONFIGURATION}-output-files.xcfilelist",
			);
			runOnlyForDeploymentPostprocessing = 0;
			shellPath = /bin/sh;
			shellScript = "\"${PODS_ROOT}/Target Support Files/Pods-Ostaz-OstazUITests/Pods-Ostaz-OstazUITests-frameworks.sh\"\n";
			showEnvVarsInLog = 0;
		};
		3BD63D342FC9B9D7E9EBD5C8 /* [CP] Check Pods Manifest.lock */ = {
			isa = PBXShellScriptBuildPhase;
			buildActionMask = 2147483647;
			files = (
			);
			inputFileListPaths = (
			);
			inputPaths = (
				"${PODS_PODFILE_DIR_PATH}/Podfile.lock",
				"${PODS_ROOT}/Manifest.lock",
			);
			name = "[CP] Check Pods Manifest.lock";
			outputFileListPaths = (
			);
			outputPaths = (
				"$(DERIVED_FILE_DIR)/Pods-Ostaz-checkManifestLockResult.txt",
			);
			runOnlyForDeploymentPostprocessing = 0;
			shellPath = /bin/sh;
			shellScript = "diff \"${PODS_PODFILE_DIR_PATH}/Podfile.lock\" \"${PODS_ROOT}/Manifest.lock\" > /dev/null\nif [ $? != 0 ] ; then\n    # print error to STDERR\n    echo \"error: The sandbox is not in sync with the Podfile.lock. Run 'pod install' or update your CocoaPods installation.\" >&2\n    exit 1\nfi\n# This output is used by Xcode 'outputs' to avoid re-running this script phase.\necho \"SUCCESS\" > \"${SCRIPT_OUTPUT_FILE_0}\"\n";
			showEnvVarsInLog = 0;
		};
		594603FF617F62E0545F0F3C /* [CP] Embed Pods Frameworks */ = {
			isa = PBXShellScriptBuildPhase;
			buildActionMask = 2147483647;
			files = (
			);
			inputFileListPaths = (
				"${PODS_ROOT}/Target Support Files/Pods-Ostaz/Pods-Ostaz-frameworks-${CONFIGURATION}-input-files.xcfilelist",
			);
			name = "[CP] Embed Pods Frameworks";
			outputFileListPaths = (
				"${PODS_ROOT}/Target Support Files/Pods-Ostaz/Pods-Ostaz-frameworks-${CONFIGURATION}-output-files.xcfilelist",
			);
			runOnlyForDeploymentPostprocessing = 0;
			shellPath = /bin/sh;
			shellScript = "\"${PODS_ROOT}/Target Support Files/Pods-Ostaz/Pods-Ostaz-frameworks.sh\"\n";
			showEnvVarsInLog = 0;
		};
		E7B06DB138793EFFBE26C22E /* [CP] Check Pods Manifest.lock */ = {
			isa = PBXShellScriptBuildPhase;
			buildActionMask = 2147483647;
			files = (
			);
			inputFileListPaths = (
			);
			inputPaths = (
				"${PODS_PODFILE_DIR_PATH}/Podfile.lock",
				"${PODS_ROOT}/Manifest.lock",
			);
			name = "[CP] Check Pods Manifest.lock";
			outputFileListPaths = (
			);
			outputPaths = (
				"$(DERIVED_FILE_DIR)/Pods-Ostaz-OstazUITests-checkManifestLockResult.txt",
			);
			runOnlyForDeploymentPostprocessing = 0;
			shellPath = /bin/sh;
			shellScript = "diff \"${PODS_PODFILE_DIR_PATH}/Podfile.lock\" \"${PODS_ROOT}/Manifest.lock\" > /dev/null\nif [ $? != 0 ] ; then\n    # print error to STDERR\n    echo \"error: The sandbox is not in sync with the Podfile.lock. Run 'pod install' or update your CocoaPods installation.\" >&2\n    exit 1\nfi\n# This output is used by Xcode 'outputs' to avoid re-running this script phase.\necho \"SUCCESS\" > \"${SCRIPT_OUTPUT_FILE_0}\"\n";
			showEnvVarsInLog = 0;
		};
/* End PBXShellScriptBuildPhase section */

/* Begin PBXSourcesBuildPhase section */
		A817351D284E68300008CF8E /* Sources */ = {
			isa = PBXSourcesBuildPhase;
			buildActionMask = 2147483647;
			files = (
				A89CD14F2858A52E009D049D /* CategoriesViewController.swift in Sources */,
				A8E1F80128620A87004DFC21 /* TeacherPromotionCollectionViewCell.swift in Sources */,
				A8DC659A28577590008879B4 /* EditPasswordViewController.swift in Sources */,
				A8173529284E68300008CF8E /* LoginViewController.swift in Sources */,
				A89CD1512858B05F009D049D /* WishListItems.swift in Sources */,
				A8A7DD5E286162FE00DABB8A /* PasswordCustomView.swift in Sources */,
				A8B750D22860012700305575 /* ForgetPasswordVC.swift in Sources */,
				A839205B2855CF5A00CD2126 /* CollectionViewsSlides.swift in Sources */,
				A8807DD72861B7F9007E1C9D /* TeacherProfileCollectionViewCell.swift in Sources */,
				A89CD14828589B52009D049D /* WishListViewController.swift in Sources */,
				A817355B284E7D170008CF8E /* RegisterViewController.swift in Sources */,
				A85DFAE3285FB3C700CEF27B /* CategoriesCollectionViewCell.swift in Sources */,
				A8A7DD5C2861596D00DABB8A /* AccountCustomView.swift in Sources */,
				A8173525284E68300008CF8E /* AppDelegate.swift in Sources */,
				A857EC20285616F50095AA01 /* SignupView.swift in Sources */,
				A8A7DD6028617A8100DABB8A /* HomeCategoriesCollectionViewCell.swift in Sources */,
				A857EC1C2855FE900095AA01 /* TeacherProfileViewController.swift in Sources */,
				A89CD13F28587832009D049D /* MoreViewController.swift in Sources */,
				A89CD1532858BACB009D049D /* SportsViewController.swift in Sources */,
				A89CD14B28589C99009D049D /* WishListCell.swift in Sources */,
				A8807DD92861F336007E1C9D /* PromotionForTeacherVC.swift in Sources */,
				A8173527284E68300008CF8E /* SceneDelegate.swift in Sources */,
				A839205D2855D7BE00CD2126 /* HomeMostViewedCollectionViewCell.swift in Sources */,
				A84D15EB28521F55004E1995 /* HomeViewController.swift in Sources */,
				A8954B08284F4D6600493142 /* ExstensionsAndViews.swift in Sources */,
				A817352F284E68300008CF8E /* Ostaz.xcdatamodeld in Sources */,
				A8B499042863D4760038C782 /* HomeFilterVC.swift in Sources */,
				A89CD14128588A99009D049D /* AcountViewController.swift in Sources */,
				A8B33C1A284F91900025BE8A /* LocationViewController.swift in Sources */,
			);
			runOnlyForDeploymentPostprocessing = 0;
		};
		A8173536284E68320008CF8E /* Sources */ = {
			isa = PBXSourcesBuildPhase;
			buildActionMask = 2147483647;
			files = (
				A817353F284E68320008CF8E /* OstazTests.swift in Sources */,
			);
			runOnlyForDeploymentPostprocessing = 0;
		};
		A8173540284E68330008CF8E /* Sources */ = {
			isa = PBXSourcesBuildPhase;
			buildActionMask = 2147483647;
			files = (
				A817354B284E68330008CF8E /* OstazUITestsLaunchTests.swift in Sources */,
				A8173549284E68330008CF8E /* OstazUITests.swift in Sources */,
			);
			runOnlyForDeploymentPostprocessing = 0;
		};
/* End PBXSourcesBuildPhase section */

/* Begin PBXTargetDependency section */
		A817353C284E68320008CF8E /* PBXTargetDependency */ = {
			isa = PBXTargetDependency;
			target = A8173520284E68300008CF8E /* Ostaz */;
			targetProxy = A817353B284E68320008CF8E /* PBXContainerItemProxy */;
		};
		A8173546284E68330008CF8E /* PBXTargetDependency */ = {
			isa = PBXTargetDependency;
			target = A8173520284E68300008CF8E /* Ostaz */;
			targetProxy = A8173545284E68330008CF8E /* PBXContainerItemProxy */;
		};
/* End PBXTargetDependency section */

/* Begin PBXVariantGroup section */
		A817352A284E68300008CF8E /* Main.storyboard */ = {
			isa = PBXVariantGroup;
			children = (
				A817352B284E68300008CF8E /* Base */,
			);
			name = Main.storyboard;
			sourceTree = "<group>";
		};
		A8173532284E68320008CF8E /* LaunchScreen.storyboard */ = {
			isa = PBXVariantGroup;
			children = (
				A8173533284E68320008CF8E /* Base */,
			);
			name = LaunchScreen.storyboard;
			sourceTree = "<group>";
		};
/* End PBXVariantGroup section */

/* Begin XCBuildConfiguration section */
		A817354C284E68330008CF8E /* Debug */ = {
			isa = XCBuildConfiguration;
			buildSettings = {
				ALWAYS_SEARCH_USER_PATHS = NO;
				CLANG_ANALYZER_NONNULL = YES;
				CLANG_ANALYZER_NUMBER_OBJECT_CONVERSION = YES_AGGRESSIVE;
				CLANG_CXX_LANGUAGE_STANDARD = "gnu++17";
				CLANG_ENABLE_MODULES = YES;
				CLANG_ENABLE_OBJC_ARC = YES;
				CLANG_ENABLE_OBJC_WEAK = YES;
				CLANG_WARN_BLOCK_CAPTURE_AUTORELEASING = YES;
				CLANG_WARN_BOOL_CONVERSION = YES;
				CLANG_WARN_COMMA = YES;
				CLANG_WARN_CONSTANT_CONVERSION = YES;
				CLANG_WARN_DEPRECATED_OBJC_IMPLEMENTATIONS = YES;
				CLANG_WARN_DIRECT_OBJC_ISA_USAGE = YES_ERROR;
				CLANG_WARN_DOCUMENTATION_COMMENTS = YES;
				CLANG_WARN_EMPTY_BODY = YES;
				CLANG_WARN_ENUM_CONVERSION = YES;
				CLANG_WARN_INFINITE_RECURSION = YES;
				CLANG_WARN_INT_CONVERSION = YES;
				CLANG_WARN_NON_LITERAL_NULL_CONVERSION = YES;
				CLANG_WARN_OBJC_IMPLICIT_RETAIN_SELF = YES;
				CLANG_WARN_OBJC_LITERAL_CONVERSION = YES;
				CLANG_WARN_OBJC_ROOT_CLASS = YES_ERROR;
				CLANG_WARN_QUOTED_INCLUDE_IN_FRAMEWORK_HEADER = YES;
				CLANG_WARN_RANGE_LOOP_ANALYSIS = YES;
				CLANG_WARN_STRICT_PROTOTYPES = YES;
				CLANG_WARN_SUSPICIOUS_MOVE = YES;
				CLANG_WARN_UNGUARDED_AVAILABILITY = YES_AGGRESSIVE;
				CLANG_WARN_UNREACHABLE_CODE = YES;
				CLANG_WARN__DUPLICATE_METHOD_MATCH = YES;
				COPY_PHASE_STRIP = NO;
				DEBUG_INFORMATION_FORMAT = dwarf;
				ENABLE_STRICT_OBJC_MSGSEND = YES;
				ENABLE_TESTABILITY = YES;
				GCC_C_LANGUAGE_STANDARD = gnu11;
				GCC_DYNAMIC_NO_PIC = NO;
				GCC_NO_COMMON_BLOCKS = YES;
				GCC_OPTIMIZATION_LEVEL = 0;
				GCC_PREPROCESSOR_DEFINITIONS = (
					"DEBUG=1",
					"$(inherited)",
				);
				GCC_WARN_64_TO_32_BIT_CONVERSION = YES;
				GCC_WARN_ABOUT_RETURN_TYPE = YES_ERROR;
				GCC_WARN_UNDECLARED_SELECTOR = YES;
				GCC_WARN_UNINITIALIZED_AUTOS = YES_AGGRESSIVE;
				GCC_WARN_UNUSED_FUNCTION = YES;
				GCC_WARN_UNUSED_VARIABLE = YES;
				IPHONEOS_DEPLOYMENT_TARGET = 15.0;
				MTL_ENABLE_DEBUG_INFO = INCLUDE_SOURCE;
				MTL_FAST_MATH = YES;
				ONLY_ACTIVE_ARCH = YES;
				SDKROOT = iphoneos;
				SWIFT_ACTIVE_COMPILATION_CONDITIONS = DEBUG;
				SWIFT_OPTIMIZATION_LEVEL = "-Onone";
			};
			name = Debug;
		};
		A817354D284E68330008CF8E /* Release */ = {
			isa = XCBuildConfiguration;
			buildSettings = {
				ALWAYS_SEARCH_USER_PATHS = NO;
				CLANG_ANALYZER_NONNULL = YES;
				CLANG_ANALYZER_NUMBER_OBJECT_CONVERSION = YES_AGGRESSIVE;
				CLANG_CXX_LANGUAGE_STANDARD = "gnu++17";
				CLANG_ENABLE_MODULES = YES;
				CLANG_ENABLE_OBJC_ARC = YES;
				CLANG_ENABLE_OBJC_WEAK = YES;
				CLANG_WARN_BLOCK_CAPTURE_AUTORELEASING = YES;
				CLANG_WARN_BOOL_CONVERSION = YES;
				CLANG_WARN_COMMA = YES;
				CLANG_WARN_CONSTANT_CONVERSION = YES;
				CLANG_WARN_DEPRECATED_OBJC_IMPLEMENTATIONS = YES;
				CLANG_WARN_DIRECT_OBJC_ISA_USAGE = YES_ERROR;
				CLANG_WARN_DOCUMENTATION_COMMENTS = YES;
				CLANG_WARN_EMPTY_BODY = YES;
				CLANG_WARN_ENUM_CONVERSION = YES;
				CLANG_WARN_INFINITE_RECURSION = YES;
				CLANG_WARN_INT_CONVERSION = YES;
				CLANG_WARN_NON_LITERAL_NULL_CONVERSION = YES;
				CLANG_WARN_OBJC_IMPLICIT_RETAIN_SELF = YES;
				CLANG_WARN_OBJC_LITERAL_CONVERSION = YES;
				CLANG_WARN_OBJC_ROOT_CLASS = YES_ERROR;
				CLANG_WARN_QUOTED_INCLUDE_IN_FRAMEWORK_HEADER = YES;
				CLANG_WARN_RANGE_LOOP_ANALYSIS = YES;
				CLANG_WARN_STRICT_PROTOTYPES = YES;
				CLANG_WARN_SUSPICIOUS_MOVE = YES;
				CLANG_WARN_UNGUARDED_AVAILABILITY = YES_AGGRESSIVE;
				CLANG_WARN_UNREACHABLE_CODE = YES;
				CLANG_WARN__DUPLICATE_METHOD_MATCH = YES;
				COPY_PHASE_STRIP = NO;
				DEBUG_INFORMATION_FORMAT = "dwarf-with-dsym";
				ENABLE_NS_ASSERTIONS = NO;
				ENABLE_STRICT_OBJC_MSGSEND = YES;
				GCC_C_LANGUAGE_STANDARD = gnu11;
				GCC_NO_COMMON_BLOCKS = YES;
				GCC_WARN_64_TO_32_BIT_CONVERSION = YES;
				GCC_WARN_ABOUT_RETURN_TYPE = YES_ERROR;
				GCC_WARN_UNDECLARED_SELECTOR = YES;
				GCC_WARN_UNINITIALIZED_AUTOS = YES_AGGRESSIVE;
				GCC_WARN_UNUSED_FUNCTION = YES;
				GCC_WARN_UNUSED_VARIABLE = YES;
				IPHONEOS_DEPLOYMENT_TARGET = 15.0;
				MTL_ENABLE_DEBUG_INFO = NO;
				MTL_FAST_MATH = YES;
				SDKROOT = iphoneos;
				SWIFT_COMPILATION_MODE = wholemodule;
				SWIFT_OPTIMIZATION_LEVEL = "-O";
				VALIDATE_PRODUCT = YES;
			};
			name = Release;
		};
		A817354F284E68330008CF8E /* Debug */ = {
			isa = XCBuildConfiguration;
			baseConfigurationReference = AF56F268C1243AC2F59B4D84 /* Pods-Ostaz.debug.xcconfig */;
			buildSettings = {
				ASSETCATALOG_COMPILER_APPICON_NAME = AppIcon;
				ASSETCATALOG_COMPILER_GLOBAL_ACCENT_COLOR_NAME = AccentColor;
				CODE_SIGN_STYLE = Automatic;
				CURRENT_PROJECT_VERSION = 1;
				DEVELOPMENT_TEAM = 92UAYACNLJ;
				GENERATE_INFOPLIST_FILE = YES;
				INFOPLIST_FILE = Ostaz/Info.plist;
				INFOPLIST_KEY_UIApplicationSupportsIndirectInputEvents = YES;
				INFOPLIST_KEY_UILaunchStoryboardName = LaunchScreen;
				INFOPLIST_KEY_UIMainStoryboardFile = Main;
				INFOPLIST_KEY_UISupportedInterfaceOrientations_iPad = "UIInterfaceOrientationPortrait UIInterfaceOrientationPortraitUpsideDown UIInterfaceOrientationLandscapeLeft UIInterfaceOrientationLandscapeRight";
				INFOPLIST_KEY_UISupportedInterfaceOrientations_iPhone = "UIInterfaceOrientationPortrait UIInterfaceOrientationLandscapeLeft UIInterfaceOrientationLandscapeRight";
				LD_RUNPATH_SEARCH_PATHS = (
					"$(inherited)",
					"@executable_path/Frameworks",
				);
				MARKETING_VERSION = 1.0;
				PRODUCT_BUNDLE_IDENTIFIER = eslam.Ostaz;
				PRODUCT_NAME = "$(TARGET_NAME)";
				SWIFT_EMIT_LOC_STRINGS = YES;
				SWIFT_VERSION = 5.0;
				TARGETED_DEVICE_FAMILY = "1,2";
			};
			name = Debug;
		};
		A8173550284E68330008CF8E /* Release */ = {
			isa = XCBuildConfiguration;
			baseConfigurationReference = 9157A2E03C1536D7F265321D /* Pods-Ostaz.release.xcconfig */;
			buildSettings = {
				ASSETCATALOG_COMPILER_APPICON_NAME = AppIcon;
				ASSETCATALOG_COMPILER_GLOBAL_ACCENT_COLOR_NAME = AccentColor;
				CODE_SIGN_STYLE = Automatic;
				CURRENT_PROJECT_VERSION = 1;
				DEVELOPMENT_TEAM = 92UAYACNLJ;
				GENERATE_INFOPLIST_FILE = YES;
				INFOPLIST_FILE = Ostaz/Info.plist;
				INFOPLIST_KEY_UIApplicationSupportsIndirectInputEvents = YES;
				INFOPLIST_KEY_UILaunchStoryboardName = LaunchScreen;
				INFOPLIST_KEY_UIMainStoryboardFile = Main;
				INFOPLIST_KEY_UISupportedInterfaceOrientations_iPad = "UIInterfaceOrientationPortrait UIInterfaceOrientationPortraitUpsideDown UIInterfaceOrientationLandscapeLeft UIInterfaceOrientationLandscapeRight";
				INFOPLIST_KEY_UISupportedInterfaceOrientations_iPhone = "UIInterfaceOrientationPortrait UIInterfaceOrientationLandscapeLeft UIInterfaceOrientationLandscapeRight";
				LD_RUNPATH_SEARCH_PATHS = (
					"$(inherited)",
					"@executable_path/Frameworks",
				);
				MARKETING_VERSION = 1.0;
				PRODUCT_BUNDLE_IDENTIFIER = eslam.Ostaz;
				PRODUCT_NAME = "$(TARGET_NAME)";
				SWIFT_EMIT_LOC_STRINGS = YES;
				SWIFT_VERSION = 5.0;
				TARGETED_DEVICE_FAMILY = "1,2";
			};
			name = Release;
		};
		A8173552284E68330008CF8E /* Debug */ = {
			isa = XCBuildConfiguration;
			baseConfigurationReference = 5105CFB83A03B8B2DDC7E5D3 /* Pods-OstazTests.debug.xcconfig */;
			buildSettings = {
				ALWAYS_EMBED_SWIFT_STANDARD_LIBRARIES = YES;
				BUNDLE_LOADER = "$(TEST_HOST)";
				CODE_SIGN_STYLE = Automatic;
				CURRENT_PROJECT_VERSION = 1;
				DEVELOPMENT_TEAM = 92UAYACNLJ;
				GENERATE_INFOPLIST_FILE = YES;
				IPHONEOS_DEPLOYMENT_TARGET = 15.5;
				MARKETING_VERSION = 1.0;
				PRODUCT_BUNDLE_IDENTIFIER = eslam.OstazTests;
				PRODUCT_NAME = "$(TARGET_NAME)";
				SWIFT_EMIT_LOC_STRINGS = NO;
				SWIFT_VERSION = 5.0;
				TARGETED_DEVICE_FAMILY = "1,2";
				TEST_HOST = "$(BUILT_PRODUCTS_DIR)/Ostaz.app/Ostaz";
			};
			name = Debug;
		};
		A8173553284E68330008CF8E /* Release */ = {
			isa = XCBuildConfiguration;
			baseConfigurationReference = 04A961C387F5FE05530BA173 /* Pods-OstazTests.release.xcconfig */;
			buildSettings = {
				ALWAYS_EMBED_SWIFT_STANDARD_LIBRARIES = YES;
				BUNDLE_LOADER = "$(TEST_HOST)";
				CODE_SIGN_STYLE = Automatic;
				CURRENT_PROJECT_VERSION = 1;
				DEVELOPMENT_TEAM = 92UAYACNLJ;
				GENERATE_INFOPLIST_FILE = YES;
				IPHONEOS_DEPLOYMENT_TARGET = 15.5;
				MARKETING_VERSION = 1.0;
				PRODUCT_BUNDLE_IDENTIFIER = eslam.OstazTests;
				PRODUCT_NAME = "$(TARGET_NAME)";
				SWIFT_EMIT_LOC_STRINGS = NO;
				SWIFT_VERSION = 5.0;
				TARGETED_DEVICE_FAMILY = "1,2";
				TEST_HOST = "$(BUILT_PRODUCTS_DIR)/Ostaz.app/Ostaz";
			};
			name = Release;
		};
		A8173555284E68330008CF8E /* Debug */ = {
			isa = XCBuildConfiguration;
			baseConfigurationReference = 7C2CB43151644BE8B5BF2FE2 /* Pods-Ostaz-OstazUITests.debug.xcconfig */;
			buildSettings = {
				ALWAYS_EMBED_SWIFT_STANDARD_LIBRARIES = YES;
				CODE_SIGN_STYLE = Automatic;
				CURRENT_PROJECT_VERSION = 1;
				DEVELOPMENT_TEAM = 92UAYACNLJ;
				GENERATE_INFOPLIST_FILE = YES;
				MARKETING_VERSION = 1.0;
				PRODUCT_BUNDLE_IDENTIFIER = eslam.OstazUITests;
				PRODUCT_NAME = "$(TARGET_NAME)";
				SWIFT_EMIT_LOC_STRINGS = NO;
				SWIFT_VERSION = 5.0;
				TARGETED_DEVICE_FAMILY = "1,2";
				TEST_TARGET_NAME = Ostaz;
			};
			name = Debug;
		};
		A8173556284E68330008CF8E /* Release */ = {
			isa = XCBuildConfiguration;
			baseConfigurationReference = DB66CA99EA88BE48D1F9CB93 /* Pods-Ostaz-OstazUITests.release.xcconfig */;
			buildSettings = {
				ALWAYS_EMBED_SWIFT_STANDARD_LIBRARIES = YES;
				CODE_SIGN_STYLE = Automatic;
				CURRENT_PROJECT_VERSION = 1;
				DEVELOPMENT_TEAM = 92UAYACNLJ;
				GENERATE_INFOPLIST_FILE = YES;
				MARKETING_VERSION = 1.0;
				PRODUCT_BUNDLE_IDENTIFIER = eslam.OstazUITests;
				PRODUCT_NAME = "$(TARGET_NAME)";
				SWIFT_EMIT_LOC_STRINGS = NO;
				SWIFT_VERSION = 5.0;
				TARGETED_DEVICE_FAMILY = "1,2";
				TEST_TARGET_NAME = Ostaz;
			};
			name = Release;
		};
/* End XCBuildConfiguration section */

/* Begin XCConfigurationList section */
		A817351C284E68300008CF8E /* Build configuration list for PBXProject "Ostaz" */ = {
			isa = XCConfigurationList;
			buildConfigurations = (
				A817354C284E68330008CF8E /* Debug */,
				A817354D284E68330008CF8E /* Release */,
			);
			defaultConfigurationIsVisible = 0;
			defaultConfigurationName = Release;
		};
		A817354E284E68330008CF8E /* Build configuration list for PBXNativeTarget "Ostaz" */ = {
			isa = XCConfigurationList;
			buildConfigurations = (
				A817354F284E68330008CF8E /* Debug */,
				A8173550284E68330008CF8E /* Release */,
			);
			defaultConfigurationIsVisible = 0;
			defaultConfigurationName = Release;
		};
		A8173551284E68330008CF8E /* Build configuration list for PBXNativeTarget "OstazTests" */ = {
			isa = XCConfigurationList;
			buildConfigurations = (
				A8173552284E68330008CF8E /* Debug */,
				A8173553284E68330008CF8E /* Release */,
			);
			defaultConfigurationIsVisible = 0;
			defaultConfigurationName = Release;
		};
		A8173554284E68330008CF8E /* Build configuration list for PBXNativeTarget "OstazUITests" */ = {
			isa = XCConfigurationList;
			buildConfigurations = (
				A8173555284E68330008CF8E /* Debug */,
				A8173556284E68330008CF8E /* Release */,
			);
			defaultConfigurationIsVisible = 0;
			defaultConfigurationName = Release;
		};
/* End XCConfigurationList section */

/* Begin XCVersionGroup section */
		A817352D284E68300008CF8E /* Ostaz.xcdatamodeld */ = {
			isa = XCVersionGroup;
			children = (
				A817352E284E68300008CF8E /* Ostaz.xcdatamodel */,
			);
			currentVersion = A817352E284E68300008CF8E /* Ostaz.xcdatamodel */;
			path = Ostaz.xcdatamodeld;
			sourceTree = "<group>";
			versionGroupType = wrapper.xcdatamodel;
		};
/* End XCVersionGroup section */
	};
	rootObject = A8173519284E68300008CF8E /* Project object */;
}
