// !$*UTF8*$!
{
	archiveVersion = 1;
	classes = {
	};
	objectVersion = 55;
	objects = {

/* Begin PBXBuildFile section */
		4093203DA77B663DEECE6F75 /* Pods_OstazTests.framework in Frameworks */ = {isa = PBXBuildFile; fileRef = 8969C4E8AAC1ED7B41A50729 /* Pods_OstazTests.framework */; };
		924C71154C8BF85913072234 /* Pods_Ostaz.framework in Frameworks */ = {isa = PBXBuildFile; fileRef = 2662B4B43FA68DCB481E170C /* Pods_Ostaz.framework */; };
		9947218739307DEDC367C631 /* Pods_Ostaz_OstazUITests.framework in Frameworks */ = {isa = PBXBuildFile; fileRef = 768B8B4D1E5AF5D70E2FA545 /* Pods_Ostaz_OstazUITests.framework */; };
		A8042706286B01A3005C5EC1 /* TeacherCategoryModel.swift in Sources */ = {isa = PBXBuildFile; fileRef = A8042705286B01A3005C5EC1 /* TeacherCategoryModel.swift */; };
		A8042709286B27E9005C5EC1 /* PromotionTeacherVC+SetupUI.swift in Sources */ = {isa = PBXBuildFile; fileRef = A8042708286B27E9005C5EC1 /* PromotionTeacherVC+SetupUI.swift */; };
		A804270B286B282A005C5EC1 /* PromotionTeacherVC+Collection.swift in Sources */ = {isa = PBXBuildFile; fileRef = A804270A286B282A005C5EC1 /* PromotionTeacherVC+Collection.swift */; };
		A804270E286B310D005C5EC1 /* APIAuth.swift in Sources */ = {isa = PBXBuildFile; fileRef = A804270D286B310D005C5EC1 /* APIAuth.swift */; };
		A8042710286B349F005C5EC1 /* ExstensionsOfString.swift in Sources */ = {isa = PBXBuildFile; fileRef = A804270F286B349F005C5EC1 /* ExstensionsOfString.swift */; };
		A8173525284E68300008CF8E /* AppDelegate.swift in Sources */ = {isa = PBXBuildFile; fileRef = A8173524284E68300008CF8E /* AppDelegate.swift */; };
		A8173527284E68300008CF8E /* SceneDelegate.swift in Sources */ = {isa = PBXBuildFile; fileRef = A8173526284E68300008CF8E /* SceneDelegate.swift */; };
		A8173529284E68300008CF8E /* LoginViewController.swift in Sources */ = {isa = PBXBuildFile; fileRef = A8173528284E68300008CF8E /* LoginViewController.swift */; };
		A817352C284E68300008CF8E /* Main.storyboard in Resources */ = {isa = PBXBuildFile; fileRef = A817352A284E68300008CF8E /* Main.storyboard */; };
		A817352F284E68300008CF8E /* Ostaz.xcdatamodeld in Sources */ = {isa = PBXBuildFile; fileRef = A817352D284E68300008CF8E /* Ostaz.xcdatamodeld */; };
		A8173531284E68320008CF8E /* Assets.xcassets in Resources */ = {isa = PBXBuildFile; fileRef = A8173530284E68320008CF8E /* Assets.xcassets */; };
		A8173534284E68320008CF8E /* LaunchScreen.storyboard in Resources */ = {isa = PBXBuildFile; fileRef = A8173532284E68320008CF8E /* LaunchScreen.storyboard */; };
		A817353F284E68320008CF8E /* OstazTests.swift in Sources */ = {isa = PBXBuildFile; fileRef = A817353E284E68320008CF8E /* OstazTests.swift */; };
		A8173549284E68330008CF8E /* OstazUITests.swift in Sources */ = {isa = PBXBuildFile; fileRef = A8173548284E68330008CF8E /* OstazUITests.swift */; };
		A817354B284E68330008CF8E /* OstazUITestsLaunchTests.swift in Sources */ = {isa = PBXBuildFile; fileRef = A817354A284E68330008CF8E /* OstazUITestsLaunchTests.swift */; };
		A817355B284E7D170008CF8E /* RegisterViewController.swift in Sources */ = {isa = PBXBuildFile; fileRef = A817355A284E7D170008CF8E /* RegisterViewController.swift */; };
		A8174D252858CFA700121A62 /* Auth.storyboard in Resources */ = {isa = PBXBuildFile; fileRef = A8174D242858CFA700121A62 /* Auth.storyboard */; };
		A8174D272858D23E00121A62 /* Home.storyboard in Resources */ = {isa = PBXBuildFile; fileRef = A8174D262858D23E00121A62 /* Home.storyboard */; };
		A824B69F288FD619002A2E84 /* UIImageViewExstensions.swift in Sources */ = {isa = PBXBuildFile; fileRef = A824B69E288FD619002A2E84 /* UIImageViewExstensions.swift */; };
		A836114928868F6C009BDB38 /* LocationCollViewCell.swift in Sources */ = {isa = PBXBuildFile; fileRef = A836114828868F6C009BDB38 /* LocationCollViewCell.swift */; };
		A836114C288691A3009BDB38 /* LocationVC+Collection.swift in Sources */ = {isa = PBXBuildFile; fileRef = A836114B288691A3009BDB38 /* LocationVC+Collection.swift */; };
		A836114E288691FE009BDB38 /* CityModel.swift in Sources */ = {isa = PBXBuildFile; fileRef = A836114D288691FE009BDB38 /* CityModel.swift */; };
		A83611502886953C009BDB38 /* LocationVC+SetupUI.swift in Sources */ = {isa = PBXBuildFile; fileRef = A836114F2886953C009BDB38 /* LocationVC+SetupUI.swift */; };
		A83611522886AD57009BDB38 /* APIMethods.swift in Sources */ = {isa = PBXBuildFile; fileRef = A83611512886AD57009BDB38 /* APIMethods.swift */; };
		A839205B2855CF5A00CD2126 /* CollectionViewsSlides.swift in Sources */ = {isa = PBXBuildFile; fileRef = A839205A2855CF5A00CD2126 /* CollectionViewsSlides.swift */; };
		A839205D2855D7BE00CD2126 /* HomeMostViewedCollectionViewCell.swift in Sources */ = {isa = PBXBuildFile; fileRef = A839205C2855D7BE00CD2126 /* HomeMostViewedCollectionViewCell.swift */; };
		A847E295288D7A9700C2DAE0 /* APICity.swift in Sources */ = {isa = PBXBuildFile; fileRef = A847E294288D7A9700C2DAE0 /* APICity.swift */; };
		A847E297288D7ABE00C2DAE0 /* APIArea.swift in Sources */ = {isa = PBXBuildFile; fileRef = A847E296288D7ABE00C2DAE0 /* APIArea.swift */; };
		A847E29B288D7B9D00C2DAE0 /* CityResponseModel.swift in Sources */ = {isa = PBXBuildFile; fileRef = A847E29A288D7B9D00C2DAE0 /* CityResponseModel.swift */; };
		A847E29D288D7E1700C2DAE0 /* AreaResponseModel.swift in Sources */ = {isa = PBXBuildFile; fileRef = A847E29C288D7E1700C2DAE0 /* AreaResponseModel.swift */; };
		A84BCBC82883F4D900F21FF1 /* ProfileResponseModel.swift in Sources */ = {isa = PBXBuildFile; fileRef = A84BCBC72883F4D900F21FF1 /* ProfileResponseModel.swift */; };
		A84BCBCA2883F59600F21FF1 /* APIProfile.swift in Sources */ = {isa = PBXBuildFile; fileRef = A84BCBC92883F59600F21FF1 /* APIProfile.swift */; };
		A84BCBCF2883F86300F21FF1 /* UpdateResponseModel.swift in Sources */ = {isa = PBXBuildFile; fileRef = A84BCBCE2883F86300F21FF1 /* UpdateResponseModel.swift */; };
		A84BCBD12883F92D00F21FF1 /* EditPassResponseModel.swift in Sources */ = {isa = PBXBuildFile; fileRef = A84BCBD02883F92D00F21FF1 /* EditPassResponseModel.swift */; };
		A84BCBD32883FBDF00F21FF1 /* UpgradeResponseModel.swift in Sources */ = {isa = PBXBuildFile; fileRef = A84BCBD22883FBDF00F21FF1 /* UpgradeResponseModel.swift */; };
		A84BCBD62883FE8700F21FF1 /* SetLocationResponseModel.swift in Sources */ = {isa = PBXBuildFile; fileRef = A84BCBD52883FE8700F21FF1 /* SetLocationResponseModel.swift */; };
		A84BCBDA288401BE00F21FF1 /* SearchResponseModel.swift in Sources */ = {isa = PBXBuildFile; fileRef = A84BCBD9288401BE00F21FF1 /* SearchResponseModel.swift */; };
		A84BCBDC288402BF00F21FF1 /* APIHome.swift in Sources */ = {isa = PBXBuildFile; fileRef = A84BCBDB288402BF00F21FF1 /* APIHome.swift */; };
		A84BCBDE288402CD00F21FF1 /* APICategory.swift in Sources */ = {isa = PBXBuildFile; fileRef = A84BCBDD288402CD00F21FF1 /* APICategory.swift */; };
		A84BCBE02884033700F21FF1 /* GetAllCateResponseModel.swift in Sources */ = {isa = PBXBuildFile; fileRef = A84BCBDF2884033700F21FF1 /* GetAllCateResponseModel.swift */; };
		A84BCBE22884036000F21FF1 /* GetAllInstResponseModel.swift in Sources */ = {isa = PBXBuildFile; fileRef = A84BCBE12884036000F21FF1 /* GetAllInstResponseModel.swift */; };
		A84BCBE42884050900F21FF1 /* CategoryResponseModel.swift in Sources */ = {isa = PBXBuildFile; fileRef = A84BCBE32884050900F21FF1 /* CategoryResponseModel.swift */; };
		A84BCBE62884054900F21FF1 /* SubCateOfMainCateResponseModel.swift in Sources */ = {isa = PBXBuildFile; fileRef = A84BCBE52884054900F21FF1 /* SubCateOfMainCateResponseModel.swift */; };
		A84BCBE82884058200F21FF1 /* InstOfSubCateResponseModel.swift in Sources */ = {isa = PBXBuildFile; fileRef = A84BCBE72884058200F21FF1 /* InstOfSubCateResponseModel.swift */; };
		A84BCBED28840BA600F21FF1 /* WishListResponseModel.swift in Sources */ = {isa = PBXBuildFile; fileRef = A84BCBEC28840BA600F21FF1 /* WishListResponseModel.swift */; };
		A84BCBEF28840BED00F21FF1 /* LikeAndDisLikeResponseModel.swift in Sources */ = {isa = PBXBuildFile; fileRef = A84BCBEE28840BED00F21FF1 /* LikeAndDisLikeResponseModel.swift */; };
		A84BCBF128840CC900F21FF1 /* APIWishlist.swift in Sources */ = {isa = PBXBuildFile; fileRef = A84BCBF028840CC900F21FF1 /* APIWishlist.swift */; };
		A84BCBF328840FE800F21FF1 /* SubCategoryVC.swift in Sources */ = {isa = PBXBuildFile; fileRef = A84BCBF228840FE800F21FF1 /* SubCategoryVC.swift */; };
		A84BCBF5288410BD00F21FF1 /* SubCategoryCollectionViewCell.swift in Sources */ = {isa = PBXBuildFile; fileRef = A84BCBF4288410BD00F21FF1 /* SubCategoryCollectionViewCell.swift */; };
		A84D15EB28521F55004E1995 /* HomeViewController.swift in Sources */ = {isa = PBXBuildFile; fileRef = A84D15EA28521F55004E1995 /* HomeViewController.swift */; };
		A8552CE62889B78400CDBCE9 /* ProfileModel.swift in Sources */ = {isa = PBXBuildFile; fileRef = A8552CE52889B78400CDBCE9 /* ProfileModel.swift */; };
		A857EC1C2855FE900095AA01 /* TeacherProfileViewController.swift in Sources */ = {isa = PBXBuildFile; fileRef = A857EC1B2855FE900095AA01 /* TeacherProfileViewController.swift */; };
		A857EC1E285613450095AA01 /* SignupView.xib in Resources */ = {isa = PBXBuildFile; fileRef = A857EC1D285613450095AA01 /* SignupView.xib */; };
		A857EC20285616F50095AA01 /* SignupView.swift in Sources */ = {isa = PBXBuildFile; fileRef = A857EC1F285616F50095AA01 /* SignupView.swift */; };
		A85DFAE3285FB3C700CEF27B /* CategoriesCollectionViewCell.swift in Sources */ = {isa = PBXBuildFile; fileRef = A85DFAE2285FB3C700CEF27B /* CategoriesCollectionViewCell.swift */; };
		A8618AA1288EC0260093B554 /* HomePaidInstCollectionViewCell.swift in Sources */ = {isa = PBXBuildFile; fileRef = A8618AA0288EC0260093B554 /* HomePaidInstCollectionViewCell.swift */; };
		A8672C7E2867DED300ED514D /* HomeTabBarVC.swift in Sources */ = {isa = PBXBuildFile; fileRef = A8672C7D2867DED300ED514D /* HomeTabBarVC.swift */; };
		A8672C822868469300ED514D /* HomeSearchVC.swift in Sources */ = {isa = PBXBuildFile; fileRef = A8672C812868469300ED514D /* HomeSearchVC.swift */; };
		A8672C842868830600ED514D /* UserModel.swift in Sources */ = {isa = PBXBuildFile; fileRef = A8672C832868830600ED514D /* UserModel.swift */; };
		A8672C882868856000ED514D /* TeachMethodModel.swift in Sources */ = {isa = PBXBuildFile; fileRef = A8672C872868856000ED514D /* TeachMethodModel.swift */; };
		A8672C8A2868908D00ED514D /* AreaModel.swift in Sources */ = {isa = PBXBuildFile; fileRef = A8672C892868908D00ED514D /* AreaModel.swift */; };
		A877D11C28741E0000A57E7C /* LogoutResponseModel.swift in Sources */ = {isa = PBXBuildFile; fileRef = A877D11B28741E0000A57E7C /* LogoutResponseModel.swift */; };
		A877D11F28742C6600A57E7C /* LoginVC+ValidationOfUI.swift in Sources */ = {isa = PBXBuildFile; fileRef = A877D11E28742C6600A57E7C /* LoginVC+ValidationOfUI.swift */; };
		A877D12228742F5A00A57E7C /* EditPassVC+ValidationOfUI.swift in Sources */ = {isa = PBXBuildFile; fileRef = A877D12128742F5A00A57E7C /* EditPassVC+ValidationOfUI.swift */; };
		A877D12528743DA000A57E7C /* TeacherProfileVC+Collection.swift in Sources */ = {isa = PBXBuildFile; fileRef = A877D12428743DA000A57E7C /* TeacherProfileVC+Collection.swift */; };
		A877D12728743DE000A57E7C /* TeacherProfileVC+SetupUI.swift in Sources */ = {isa = PBXBuildFile; fileRef = A877D12628743DE000A57E7C /* TeacherProfileVC+SetupUI.swift */; };
		A8807DD72861B7F9007E1C9D /* TeacherProfileCollectionViewCell.swift in Sources */ = {isa = PBXBuildFile; fileRef = A8807DD62861B7F9007E1C9D /* TeacherProfileCollectionViewCell.swift */; };
		A8807DD92861F336007E1C9D /* PromotionForTeacherVC.swift in Sources */ = {isa = PBXBuildFile; fileRef = A8807DD82861F336007E1C9D /* PromotionForTeacherVC.swift */; };
		A893B4BF2870BECF00E42F36 /* Config.swift in Sources */ = {isa = PBXBuildFile; fileRef = A893B4BE2870BECF00E42F36 /* Config.swift */; };
		A8954B08284F4D6600493142 /* ExstensionsOfUIView.swift in Sources */ = {isa = PBXBuildFile; fileRef = A8954B07284F4D6600493142 /* ExstensionsOfUIView.swift */; };
		A89CD13F28587832009D049D /* MoreViewController.swift in Sources */ = {isa = PBXBuildFile; fileRef = A89CD13E28587832009D049D /* MoreViewController.swift */; };
		A89CD14128588A99009D049D /* AcountViewController.swift in Sources */ = {isa = PBXBuildFile; fileRef = A89CD14028588A99009D049D /* AcountViewController.swift */; };
		A89CD14628588D15009D049D /* AccountCustomView.xib in Resources */ = {isa = PBXBuildFile; fileRef = A89CD14528588D15009D049D /* AccountCustomView.xib */; };
		A89CD14828589B52009D049D /* WishListViewController.swift in Sources */ = {isa = PBXBuildFile; fileRef = A89CD14728589B52009D049D /* WishListViewController.swift */; };
		A89CD14B28589C99009D049D /* WishListCell.swift in Sources */ = {isa = PBXBuildFile; fileRef = A89CD14928589C99009D049D /* WishListCell.swift */; };
		A89CD14C28589C99009D049D /* WishListCell.xib in Resources */ = {isa = PBXBuildFile; fileRef = A89CD14A28589C99009D049D /* WishListCell.xib */; };
		A89CD14F2858A52E009D049D /* CategoriesViewController.swift in Sources */ = {isa = PBXBuildFile; fileRef = A89CD14E2858A52E009D049D /* CategoriesViewController.swift */; };
		A89CD1512858B05F009D049D /* WishListItems.swift in Sources */ = {isa = PBXBuildFile; fileRef = A89CD1502858B05F009D049D /* WishListItems.swift */; };
		A89CD1532858BACB009D049D /* SportsViewController.swift in Sources */ = {isa = PBXBuildFile; fileRef = A89CD1522858BACB009D049D /* SportsViewController.swift */; };
		A8A0166D28745DD000F45C50 /* HomeVC+Collection.swift in Sources */ = {isa = PBXBuildFile; fileRef = A8A0166C28745DD000F45C50 /* HomeVC+Collection.swift */; };
		A8A016702874679000F45C50 /* ResetPasswordVC.swift in Sources */ = {isa = PBXBuildFile; fileRef = A8A0166F2874679000F45C50 /* ResetPasswordVC.swift */; };
		A8A0167228746DC300F45C50 /* ResetVC+ValidationUI.swift in Sources */ = {isa = PBXBuildFile; fileRef = A8A0167128746DC300F45C50 /* ResetVC+ValidationUI.swift */; };
		A8A016742874701500F45C50 /* FrogetResponseModel.swift in Sources */ = {isa = PBXBuildFile; fileRef = A8A016732874701500F45C50 /* FrogetResponseModel.swift */; };
		A8A016762874704300F45C50 /* ResetResponseModel.swift in Sources */ = {isa = PBXBuildFile; fileRef = A8A016752874704300F45C50 /* ResetResponseModel.swift */; };
		A8A7DD5C2861596D00DABB8A /* AccountCustomView.swift in Sources */ = {isa = PBXBuildFile; fileRef = A8A7DD5B2861596D00DABB8A /* AccountCustomView.swift */; };
		A8A7DD5E286162FE00DABB8A /* PasswordCustomView.swift in Sources */ = {isa = PBXBuildFile; fileRef = A8A7DD5D286162FE00DABB8A /* PasswordCustomView.swift */; };
		A8A7DD6028617A8100DABB8A /* HomeCategoriesCollectionViewCell.swift in Sources */ = {isa = PBXBuildFile; fileRef = A8A7DD5F28617A8100DABB8A /* HomeCategoriesCollectionViewCell.swift */; };
		A8A8C76F288D332600178E2F /* HomeResponseModel.swift in Sources */ = {isa = PBXBuildFile; fileRef = A8A8C76E288D332600178E2F /* HomeResponseModel.swift */; };
		A8A8C771288D33A900178E2F /* HomeCategoryModel.swift in Sources */ = {isa = PBXBuildFile; fileRef = A8A8C770288D33A900178E2F /* HomeCategoryModel.swift */; };
		A8A8C773288D33D200178E2F /* HomeMostViewedModel.swift in Sources */ = {isa = PBXBuildFile; fileRef = A8A8C772288D33D200178E2F /* HomeMostViewedModel.swift */; };
		A8A8C775288D344600178E2F /* HomePaidInstructorsModel.swift in Sources */ = {isa = PBXBuildFile; fileRef = A8A8C774288D344600178E2F /* HomePaidInstructorsModel.swift */; };
		A8AE0E57287197D4007596EA /* RegiserVC+ValidationOfUI.swift in Sources */ = {isa = PBXBuildFile; fileRef = A8AE0E56287197D4007596EA /* RegiserVC+ValidationOfUI.swift */; };
		A8B33C1A284F91900025BE8A /* LocationViewController.swift in Sources */ = {isa = PBXBuildFile; fileRef = A8B33C19284F91900025BE8A /* LocationViewController.swift */; };
		A8B499042863D4760038C782 /* HomeFilterVC.swift in Sources */ = {isa = PBXBuildFile; fileRef = A8B499032863D4760038C782 /* HomeFilterVC.swift */; };
		A8B750D22860012700305575 /* ForgetPasswordVC.swift in Sources */ = {isa = PBXBuildFile; fileRef = A8B750D12860012700305575 /* ForgetPasswordVC.swift */; };
		A8B750D5286006E600305575 /* PasswordCustomView.xib in Resources */ = {isa = PBXBuildFile; fileRef = A8B750D4286006E600305575 /* PasswordCustomView.xib */; };
		A8C8C8082871CAFB00143872 /* LoginResponseModel.swift in Sources */ = {isa = PBXBuildFile; fileRef = A8C8C8072871CAFB00143872 /* LoginResponseModel.swift */; };
		A8C8C80A2871CB3800143872 /* RegisterResponseModel.swift in Sources */ = {isa = PBXBuildFile; fileRef = A8C8C8092871CB3800143872 /* RegisterResponseModel.swift */; };
		A8DA42FE2888CB7E00F1493E /* ListOfMehtodsResponseModel.swift in Sources */ = {isa = PBXBuildFile; fileRef = A8DA42FD2888CB7E00F1493E /* ListOfMehtodsResponseModel.swift */; };
		A8DA43012888CD4000F1493E /* CreateMethodResponseModel.swift in Sources */ = {isa = PBXBuildFile; fileRef = A8DA43002888CD4000F1493E /* CreateMethodResponseModel.swift */; };
		A8DA43032888CD7C00F1493E /* CreateMethodModel.swift in Sources */ = {isa = PBXBuildFile; fileRef = A8DA43022888CD7C00F1493E /* CreateMethodModel.swift */; };
		A8DA43052888CFFC00F1493E /* UpgradeUserModel.swift in Sources */ = {isa = PBXBuildFile; fileRef = A8DA43042888CFFC00F1493E /* UpgradeUserModel.swift */; };
		A8DA43072888D92400F1493E /* HomeVC+SetupUI.swift in Sources */ = {isa = PBXBuildFile; fileRef = A8DA43062888D92400F1493E /* HomeVC+SetupUI.swift */; };
		A8DA430A2888D99400F1493E /* CategoriesVC+SetupUI.swift in Sources */ = {isa = PBXBuildFile; fileRef = A8DA43092888D99400F1493E /* CategoriesVC+SetupUI.swift */; };
		A8DA430C2888D9B000F1493E /* CategoriesVC+Collection.swift in Sources */ = {isa = PBXBuildFile; fileRef = A8DA430B2888D9B000F1493E /* CategoriesVC+Collection.swift */; };
		A8DC659A28577590008879B4 /* EditPasswordViewController.swift in Sources */ = {isa = PBXBuildFile; fileRef = A8DC659928577590008879B4 /* EditPasswordViewController.swift */; };
		A8E1F80128620A87004DFC21 /* TeacherPromotionCollectionViewCell.swift in Sources */ = {isa = PBXBuildFile; fileRef = A8E1F80028620A87004DFC21 /* TeacherPromotionCollectionViewCell.swift */; };
/* End PBXBuildFile section */

/* Begin PBXContainerItemProxy section */
		A817353B284E68320008CF8E /* PBXContainerItemProxy */ = {
			isa = PBXContainerItemProxy;
			containerPortal = A8173519284E68300008CF8E /* Project object */;
			proxyType = 1;
			remoteGlobalIDString = A8173520284E68300008CF8E;
			remoteInfo = Ostaz;
		};
		A8173545284E68330008CF8E /* PBXContainerItemProxy */ = {
			isa = PBXContainerItemProxy;
			containerPortal = A8173519284E68300008CF8E /* Project object */;
			proxyType = 1;
			remoteGlobalIDString = A8173520284E68300008CF8E;
			remoteInfo = Ostaz;
		};
/* End PBXContainerItemProxy section */

/* Begin PBXFileReference section */
		04A961C387F5FE05530BA173 /* Pods-OstazTests.release.xcconfig */ = {isa = PBXFileReference; includeInIndex = 1; lastKnownFileType = text.xcconfig; name = "Pods-OstazTests.release.xcconfig"; path = "Target Support Files/Pods-OstazTests/Pods-OstazTests.release.xcconfig"; sourceTree = "<group>"; };
		2662B4B43FA68DCB481E170C /* Pods_Ostaz.framework */ = {isa = PBXFileReference; explicitFileType = wrapper.framework; includeInIndex = 0; path = Pods_Ostaz.framework; sourceTree = BUILT_PRODUCTS_DIR; };
		5105CFB83A03B8B2DDC7E5D3 /* Pods-OstazTests.debug.xcconfig */ = {isa = PBXFileReference; includeInIndex = 1; lastKnownFileType = text.xcconfig; name = "Pods-OstazTests.debug.xcconfig"; path = "Target Support Files/Pods-OstazTests/Pods-OstazTests.debug.xcconfig"; sourceTree = "<group>"; };
		768B8B4D1E5AF5D70E2FA545 /* Pods_Ostaz_OstazUITests.framework */ = {isa = PBXFileReference; explicitFileType = wrapper.framework; includeInIndex = 0; path = Pods_Ostaz_OstazUITests.framework; sourceTree = BUILT_PRODUCTS_DIR; };
		7C2CB43151644BE8B5BF2FE2 /* Pods-Ostaz-OstazUITests.debug.xcconfig */ = {isa = PBXFileReference; includeInIndex = 1; lastKnownFileType = text.xcconfig; name = "Pods-Ostaz-OstazUITests.debug.xcconfig"; path = "Target Support Files/Pods-Ostaz-OstazUITests/Pods-Ostaz-OstazUITests.debug.xcconfig"; sourceTree = "<group>"; };
		8969C4E8AAC1ED7B41A50729 /* Pods_OstazTests.framework */ = {isa = PBXFileReference; explicitFileType = wrapper.framework; includeInIndex = 0; path = Pods_OstazTests.framework; sourceTree = BUILT_PRODUCTS_DIR; };
		9157A2E03C1536D7F265321D /* Pods-Ostaz.release.xcconfig */ = {isa = PBXFileReference; includeInIndex = 1; lastKnownFileType = text.xcconfig; name = "Pods-Ostaz.release.xcconfig"; path = "Target Support Files/Pods-Ostaz/Pods-Ostaz.release.xcconfig"; sourceTree = "<group>"; };
		A8042705286B01A3005C5EC1 /* TeacherCategoryModel.swift */ = {isa = PBXFileReference; lastKnownFileType = sourcecode.swift; path = TeacherCategoryModel.swift; sourceTree = "<group>"; };
		A8042708286B27E9005C5EC1 /* PromotionTeacherVC+SetupUI.swift */ = {isa = PBXFileReference; lastKnownFileType = sourcecode.swift; path = "PromotionTeacherVC+SetupUI.swift"; sourceTree = "<group>"; };
		A804270A286B282A005C5EC1 /* PromotionTeacherVC+Collection.swift */ = {isa = PBXFileReference; lastKnownFileType = sourcecode.swift; path = "PromotionTeacherVC+Collection.swift"; sourceTree = "<group>"; };
		A804270D286B310D005C5EC1 /* APIAuth.swift */ = {isa = PBXFileReference; lastKnownFileType = sourcecode.swift; path = APIAuth.swift; sourceTree = "<group>"; };
		A804270F286B349F005C5EC1 /* ExstensionsOfString.swift */ = {isa = PBXFileReference; lastKnownFileType = sourcecode.swift; path = ExstensionsOfString.swift; sourceTree = "<group>"; };
		A8173521284E68300008CF8E /* Ostaz.app */ = {isa = PBXFileReference; explicitFileType = wrapper.application; includeInIndex = 0; path = Ostaz.app; sourceTree = BUILT_PRODUCTS_DIR; };
		A8173524284E68300008CF8E /* AppDelegate.swift */ = {isa = PBXFileReference; lastKnownFileType = sourcecode.swift; path = AppDelegate.swift; sourceTree = "<group>"; };
		A8173526284E68300008CF8E /* SceneDelegate.swift */ = {isa = PBXFileReference; lastKnownFileType = sourcecode.swift; path = SceneDelegate.swift; sourceTree = "<group>"; };
		A8173528284E68300008CF8E /* LoginViewController.swift */ = {isa = PBXFileReference; lastKnownFileType = sourcecode.swift; path = LoginViewController.swift; sourceTree = "<group>"; };
		A817352B284E68300008CF8E /* Base */ = {isa = PBXFileReference; lastKnownFileType = file.storyboard; name = Base; path = Base.lproj/Main.storyboard; sourceTree = "<group>"; };
		A817352E284E68300008CF8E /* Ostaz.xcdatamodel */ = {isa = PBXFileReference; lastKnownFileType = wrapper.xcdatamodel; path = Ostaz.xcdatamodel; sourceTree = "<group>"; };
		A8173530284E68320008CF8E /* Assets.xcassets */ = {isa = PBXFileReference; lastKnownFileType = folder.assetcatalog; path = Assets.xcassets; sourceTree = "<group>"; };
		A8173533284E68320008CF8E /* Base */ = {isa = PBXFileReference; lastKnownFileType = file.storyboard; name = Base; path = Base.lproj/LaunchScreen.storyboard; sourceTree = "<group>"; };
		A8173535284E68320008CF8E /* Info.plist */ = {isa = PBXFileReference; lastKnownFileType = text.plist.xml; path = Info.plist; sourceTree = "<group>"; };
		A817353A284E68320008CF8E /* OstazTests.xctest */ = {isa = PBXFileReference; explicitFileType = wrapper.cfbundle; includeInIndex = 0; path = OstazTests.xctest; sourceTree = BUILT_PRODUCTS_DIR; };
		A817353E284E68320008CF8E /* OstazTests.swift */ = {isa = PBXFileReference; lastKnownFileType = sourcecode.swift; path = OstazTests.swift; sourceTree = "<group>"; };
		A8173544284E68330008CF8E /* OstazUITests.xctest */ = {isa = PBXFileReference; explicitFileType = wrapper.cfbundle; includeInIndex = 0; path = OstazUITests.xctest; sourceTree = BUILT_PRODUCTS_DIR; };
		A8173548284E68330008CF8E /* OstazUITests.swift */ = {isa = PBXFileReference; lastKnownFileType = sourcecode.swift; path = OstazUITests.swift; sourceTree = "<group>"; };
		A817354A284E68330008CF8E /* OstazUITestsLaunchTests.swift */ = {isa = PBXFileReference; lastKnownFileType = sourcecode.swift; path = OstazUITestsLaunchTests.swift; sourceTree = "<group>"; };
		A817355A284E7D170008CF8E /* RegisterViewController.swift */ = {isa = PBXFileReference; lastKnownFileType = sourcecode.swift; path = RegisterViewController.swift; sourceTree = "<group>"; };
		A8174D242858CFA700121A62 /* Auth.storyboard */ = {isa = PBXFileReference; lastKnownFileType = file.storyboard; path = Auth.storyboard; sourceTree = "<group>"; };
		A8174D262858D23E00121A62 /* Home.storyboard */ = {isa = PBXFileReference; lastKnownFileType = file.storyboard; path = Home.storyboard; sourceTree = "<group>"; };
		A824B69E288FD619002A2E84 /* UIImageViewExstensions.swift */ = {isa = PBXFileReference; lastKnownFileType = sourcecode.swift; path = UIImageViewExstensions.swift; sourceTree = "<group>"; };
		A836114828868F6C009BDB38 /* LocationCollViewCell.swift */ = {isa = PBXFileReference; lastKnownFileType = sourcecode.swift; path = LocationCollViewCell.swift; sourceTree = "<group>"; };
		A836114B288691A3009BDB38 /* LocationVC+Collection.swift */ = {isa = PBXFileReference; lastKnownFileType = sourcecode.swift; path = "LocationVC+Collection.swift"; sourceTree = "<group>"; };
		A836114D288691FE009BDB38 /* CityModel.swift */ = {isa = PBXFileReference; lastKnownFileType = sourcecode.swift; path = CityModel.swift; sourceTree = "<group>"; };
		A836114F2886953C009BDB38 /* LocationVC+SetupUI.swift */ = {isa = PBXFileReference; lastKnownFileType = sourcecode.swift; path = "LocationVC+SetupUI.swift"; sourceTree = "<group>"; };
		A83611512886AD57009BDB38 /* APIMethods.swift */ = {isa = PBXFileReference; lastKnownFileType = sourcecode.swift; path = APIMethods.swift; sourceTree = "<group>"; };
		A839205A2855CF5A00CD2126 /* CollectionViewsSlides.swift */ = {isa = PBXFileReference; lastKnownFileType = sourcecode.swift; path = CollectionViewsSlides.swift; sourceTree = "<group>"; };
		A839205C2855D7BE00CD2126 /* HomeMostViewedCollectionViewCell.swift */ = {isa = PBXFileReference; lastKnownFileType = sourcecode.swift; path = HomeMostViewedCollectionViewCell.swift; sourceTree = "<group>"; };
		A847E294288D7A9700C2DAE0 /* APICity.swift */ = {isa = PBXFileReference; lastKnownFileType = sourcecode.swift; path = APICity.swift; sourceTree = "<group>"; };
		A847E296288D7ABE00C2DAE0 /* APIArea.swift */ = {isa = PBXFileReference; lastKnownFileType = sourcecode.swift; path = APIArea.swift; sourceTree = "<group>"; };
		A847E29A288D7B9D00C2DAE0 /* CityResponseModel.swift */ = {isa = PBXFileReference; lastKnownFileType = sourcecode.swift; path = CityResponseModel.swift; sourceTree = "<group>"; };
		A847E29C288D7E1700C2DAE0 /* AreaResponseModel.swift */ = {isa = PBXFileReference; lastKnownFileType = sourcecode.swift; path = AreaResponseModel.swift; sourceTree = "<group>"; };
		A84BCBC72883F4D900F21FF1 /* ProfileResponseModel.swift */ = {isa = PBXFileReference; lastKnownFileType = sourcecode.swift; path = ProfileResponseModel.swift; sourceTree = "<group>"; };
		A84BCBC92883F59600F21FF1 /* APIProfile.swift */ = {isa = PBXFileReference; lastKnownFileType = sourcecode.swift; path = APIProfile.swift; sourceTree = "<group>"; };
		A84BCBCE2883F86300F21FF1 /* UpdateResponseModel.swift */ = {isa = PBXFileReference; lastKnownFileType = sourcecode.swift; path = UpdateResponseModel.swift; sourceTree = "<group>"; };
		A84BCBD02883F92D00F21FF1 /* EditPassResponseModel.swift */ = {isa = PBXFileReference; lastKnownFileType = sourcecode.swift; path = EditPassResponseModel.swift; sourceTree = "<group>"; };
		A84BCBD22883FBDF00F21FF1 /* UpgradeResponseModel.swift */ = {isa = PBXFileReference; lastKnownFileType = sourcecode.swift; path = UpgradeResponseModel.swift; sourceTree = "<group>"; };
		A84BCBD52883FE8700F21FF1 /* SetLocationResponseModel.swift */ = {isa = PBXFileReference; lastKnownFileType = sourcecode.swift; path = SetLocationResponseModel.swift; sourceTree = "<group>"; };
		A84BCBD9288401BE00F21FF1 /* SearchResponseModel.swift */ = {isa = PBXFileReference; lastKnownFileType = sourcecode.swift; path = SearchResponseModel.swift; sourceTree = "<group>"; };
		A84BCBDB288402BF00F21FF1 /* APIHome.swift */ = {isa = PBXFileReference; lastKnownFileType = sourcecode.swift; path = APIHome.swift; sourceTree = "<group>"; };
		A84BCBDD288402CD00F21FF1 /* APICategory.swift */ = {isa = PBXFileReference; lastKnownFileType = sourcecode.swift; path = APICategory.swift; sourceTree = "<group>"; };
		A84BCBDF2884033700F21FF1 /* GetAllCateResponseModel.swift */ = {isa = PBXFileReference; lastKnownFileType = sourcecode.swift; path = GetAllCateResponseModel.swift; sourceTree = "<group>"; };
		A84BCBE12884036000F21FF1 /* GetAllInstResponseModel.swift */ = {isa = PBXFileReference; lastKnownFileType = sourcecode.swift; path = GetAllInstResponseModel.swift; sourceTree = "<group>"; };
		A84BCBE32884050900F21FF1 /* CategoryResponseModel.swift */ = {isa = PBXFileReference; lastKnownFileType = sourcecode.swift; path = CategoryResponseModel.swift; sourceTree = "<group>"; };
		A84BCBE52884054900F21FF1 /* SubCateOfMainCateResponseModel.swift */ = {isa = PBXFileReference; lastKnownFileType = sourcecode.swift; path = SubCateOfMainCateResponseModel.swift; sourceTree = "<group>"; };
		A84BCBE72884058200F21FF1 /* InstOfSubCateResponseModel.swift */ = {isa = PBXFileReference; lastKnownFileType = sourcecode.swift; path = InstOfSubCateResponseModel.swift; sourceTree = "<group>"; };
		A84BCBEC28840BA600F21FF1 /* WishListResponseModel.swift */ = {isa = PBXFileReference; lastKnownFileType = sourcecode.swift; path = WishListResponseModel.swift; sourceTree = "<group>"; };
		A84BCBEE28840BED00F21FF1 /* LikeAndDisLikeResponseModel.swift */ = {isa = PBXFileReference; lastKnownFileType = sourcecode.swift; path = LikeAndDisLikeResponseModel.swift; sourceTree = "<group>"; };
		A84BCBF028840CC900F21FF1 /* APIWishlist.swift */ = {isa = PBXFileReference; lastKnownFileType = sourcecode.swift; path = APIWishlist.swift; sourceTree = "<group>"; };
		A84BCBF228840FE800F21FF1 /* SubCategoryVC.swift */ = {isa = PBXFileReference; lastKnownFileType = sourcecode.swift; path = SubCategoryVC.swift; sourceTree = "<group>"; };
		A84BCBF4288410BD00F21FF1 /* SubCategoryCollectionViewCell.swift */ = {isa = PBXFileReference; lastKnownFileType = sourcecode.swift; path = SubCategoryCollectionViewCell.swift; sourceTree = "<group>"; };
		A84D15EA28521F55004E1995 /* HomeViewController.swift */ = {isa = PBXFileReference; lastKnownFileType = sourcecode.swift; path = HomeViewController.swift; sourceTree = "<group>"; };
		A8552CE52889B78400CDBCE9 /* ProfileModel.swift */ = {isa = PBXFileReference; lastKnownFileType = sourcecode.swift; path = ProfileModel.swift; sourceTree = "<group>"; };
		A857EC1B2855FE900095AA01 /* TeacherProfileViewController.swift */ = {isa = PBXFileReference; lastKnownFileType = sourcecode.swift; path = TeacherProfileViewController.swift; sourceTree = "<group>"; };
		A857EC1D285613450095AA01 /* SignupView.xib */ = {isa = PBXFileReference; lastKnownFileType = file.xib; path = SignupView.xib; sourceTree = "<group>"; };
		A857EC1F285616F50095AA01 /* SignupView.swift */ = {isa = PBXFileReference; lastKnownFileType = sourcecode.swift; path = SignupView.swift; sourceTree = "<group>"; };
		A85DFAE2285FB3C700CEF27B /* CategoriesCollectionViewCell.swift */ = {isa = PBXFileReference; lastKnownFileType = sourcecode.swift; path = CategoriesCollectionViewCell.swift; sourceTree = "<group>"; };
		A8618AA0288EC0260093B554 /* HomePaidInstCollectionViewCell.swift */ = {isa = PBXFileReference; lastKnownFileType = sourcecode.swift; path = HomePaidInstCollectionViewCell.swift; sourceTree = "<group>"; };
		A8672C7D2867DED300ED514D /* HomeTabBarVC.swift */ = {isa = PBXFileReference; lastKnownFileType = sourcecode.swift; path = HomeTabBarVC.swift; sourceTree = "<group>"; };
		A8672C812868469300ED514D /* HomeSearchVC.swift */ = {isa = PBXFileReference; lastKnownFileType = sourcecode.swift; path = HomeSearchVC.swift; sourceTree = "<group>"; };
		A8672C832868830600ED514D /* UserModel.swift */ = {isa = PBXFileReference; lastKnownFileType = sourcecode.swift; path = UserModel.swift; sourceTree = "<group>"; };
		A8672C872868856000ED514D /* TeachMethodModel.swift */ = {isa = PBXFileReference; lastKnownFileType = sourcecode.swift; path = TeachMethodModel.swift; sourceTree = "<group>"; };
		A8672C892868908D00ED514D /* AreaModel.swift */ = {isa = PBXFileReference; lastKnownFileType = sourcecode.swift; path = AreaModel.swift; sourceTree = "<group>"; };
		A877D11B28741E0000A57E7C /* LogoutResponseModel.swift */ = {isa = PBXFileReference; lastKnownFileType = sourcecode.swift; path = LogoutResponseModel.swift; sourceTree = "<group>"; };
		A877D11E28742C6600A57E7C /* LoginVC+ValidationOfUI.swift */ = {isa = PBXFileReference; lastKnownFileType = sourcecode.swift; path = "LoginVC+ValidationOfUI.swift"; sourceTree = "<group>"; };
		A877D12128742F5A00A57E7C /* EditPassVC+ValidationOfUI.swift */ = {isa = PBXFileReference; lastKnownFileType = sourcecode.swift; path = "EditPassVC+ValidationOfUI.swift"; sourceTree = "<group>"; };
		A877D12428743DA000A57E7C /* TeacherProfileVC+Collection.swift */ = {isa = PBXFileReference; lastKnownFileType = sourcecode.swift; path = "TeacherProfileVC+Collection.swift"; sourceTree = "<group>"; };
		A877D12628743DE000A57E7C /* TeacherProfileVC+SetupUI.swift */ = {isa = PBXFileReference; lastKnownFileType = sourcecode.swift; path = "TeacherProfileVC+SetupUI.swift"; sourceTree = "<group>"; };
		A8807DD62861B7F9007E1C9D /* TeacherProfileCollectionViewCell.swift */ = {isa = PBXFileReference; lastKnownFileType = sourcecode.swift; path = TeacherProfileCollectionViewCell.swift; sourceTree = "<group>"; };
		A8807DD82861F336007E1C9D /* PromotionForTeacherVC.swift */ = {isa = PBXFileReference; lastKnownFileType = sourcecode.swift; path = PromotionForTeacherVC.swift; sourceTree = "<group>"; };
		A893B4BE2870BECF00E42F36 /* Config.swift */ = {isa = PBXFileReference; lastKnownFileType = sourcecode.swift; path = Config.swift; sourceTree = "<group>"; };
		A8954B07284F4D6600493142 /* ExstensionsOfUIView.swift */ = {isa = PBXFileReference; lastKnownFileType = sourcecode.swift; path = ExstensionsOfUIView.swift; sourceTree = "<group>"; };
		A89CD13E28587832009D049D /* MoreViewController.swift */ = {isa = PBXFileReference; lastKnownFileType = sourcecode.swift; path = MoreViewController.swift; sourceTree = "<group>"; };
		A89CD14028588A99009D049D /* AcountViewController.swift */ = {isa = PBXFileReference; lastKnownFileType = sourcecode.swift; path = AcountViewController.swift; sourceTree = "<group>"; };
		A89CD14528588D15009D049D /* AccountCustomView.xib */ = {isa = PBXFileReference; lastKnownFileType = file.xib; path = AccountCustomView.xib; sourceTree = "<group>"; };
		A89CD14728589B52009D049D /* WishListViewController.swift */ = {isa = PBXFileReference; lastKnownFileType = sourcecode.swift; path = WishListViewController.swift; sourceTree = "<group>"; };
		A89CD14928589C99009D049D /* WishListCell.swift */ = {isa = PBXFileReference; lastKnownFileType = sourcecode.swift; path = WishListCell.swift; sourceTree = "<group>"; };
		A89CD14A28589C99009D049D /* WishListCell.xib */ = {isa = PBXFileReference; lastKnownFileType = file.xib; path = WishListCell.xib; sourceTree = "<group>"; };
		A89CD14E2858A52E009D049D /* CategoriesViewController.swift */ = {isa = PBXFileReference; lastKnownFileType = sourcecode.swift; path = CategoriesViewController.swift; sourceTree = "<group>"; };
		A89CD1502858B05F009D049D /* WishListItems.swift */ = {isa = PBXFileReference; lastKnownFileType = sourcecode.swift; path = WishListItems.swift; sourceTree = "<group>"; };
		A89CD1522858BACB009D049D /* SportsViewController.swift */ = {isa = PBXFileReference; lastKnownFileType = sourcecode.swift; path = SportsViewController.swift; sourceTree = "<group>"; };
		A8A0166C28745DD000F45C50 /* HomeVC+Collection.swift */ = {isa = PBXFileReference; lastKnownFileType = sourcecode.swift; path = "HomeVC+Collection.swift"; sourceTree = "<group>"; };
		A8A0166F2874679000F45C50 /* ResetPasswordVC.swift */ = {isa = PBXFileReference; lastKnownFileType = sourcecode.swift; path = ResetPasswordVC.swift; sourceTree = "<group>"; };
		A8A0167128746DC300F45C50 /* ResetVC+ValidationUI.swift */ = {isa = PBXFileReference; lastKnownFileType = sourcecode.swift; path = "ResetVC+ValidationUI.swift"; sourceTree = "<group>"; };
		A8A016732874701500F45C50 /* FrogetResponseModel.swift */ = {isa = PBXFileReference; lastKnownFileType = sourcecode.swift; path = FrogetResponseModel.swift; sourceTree = "<group>"; };
		A8A016752874704300F45C50 /* ResetResponseModel.swift */ = {isa = PBXFileReference; lastKnownFileType = sourcecode.swift; path = ResetResponseModel.swift; sourceTree = "<group>"; };
		A8A7DD5B2861596D00DABB8A /* AccountCustomView.swift */ = {isa = PBXFileReference; lastKnownFileType = sourcecode.swift; path = AccountCustomView.swift; sourceTree = "<group>"; };
		A8A7DD5D286162FE00DABB8A /* PasswordCustomView.swift */ = {isa = PBXFileReference; lastKnownFileType = sourcecode.swift; path = PasswordCustomView.swift; sourceTree = "<group>"; };
		A8A7DD5F28617A8100DABB8A /* HomeCategoriesCollectionViewCell.swift */ = {isa = PBXFileReference; lastKnownFileType = sourcecode.swift; path = HomeCategoriesCollectionViewCell.swift; sourceTree = "<group>"; };
		A8A8C76E288D332600178E2F /* HomeResponseModel.swift */ = {isa = PBXFileReference; lastKnownFileType = sourcecode.swift; path = HomeResponseModel.swift; sourceTree = "<group>"; };
		A8A8C770288D33A900178E2F /* HomeCategoryModel.swift */ = {isa = PBXFileReference; lastKnownFileType = sourcecode.swift; path = HomeCategoryModel.swift; sourceTree = "<group>"; };
		A8A8C772288D33D200178E2F /* HomeMostViewedModel.swift */ = {isa = PBXFileReference; lastKnownFileType = sourcecode.swift; path = HomeMostViewedModel.swift; sourceTree = "<group>"; };
		A8A8C774288D344600178E2F /* HomePaidInstructorsModel.swift */ = {isa = PBXFileReference; lastKnownFileType = sourcecode.swift; path = HomePaidInstructorsModel.swift; sourceTree = "<group>"; };
		A8AE0E56287197D4007596EA /* RegiserVC+ValidationOfUI.swift */ = {isa = PBXFileReference; lastKnownFileType = sourcecode.swift; path = "RegiserVC+ValidationOfUI.swift"; sourceTree = "<group>"; };
		A8B33C19284F91900025BE8A /* LocationViewController.swift */ = {isa = PBXFileReference; lastKnownFileType = sourcecode.swift; path = LocationViewController.swift; sourceTree = "<group>"; };
		A8B499032863D4760038C782 /* HomeFilterVC.swift */ = {isa = PBXFileReference; lastKnownFileType = sourcecode.swift; path = HomeFilterVC.swift; sourceTree = "<group>"; };
		A8B750D12860012700305575 /* ForgetPasswordVC.swift */ = {isa = PBXFileReference; lastKnownFileType = sourcecode.swift; path = ForgetPasswordVC.swift; sourceTree = "<group>"; };
		A8B750D4286006E600305575 /* PasswordCustomView.xib */ = {isa = PBXFileReference; lastKnownFileType = file.xib; path = PasswordCustomView.xib; sourceTree = "<group>"; };
		A8C8C8072871CAFB00143872 /* LoginResponseModel.swift */ = {isa = PBXFileReference; lastKnownFileType = sourcecode.swift; path = LoginResponseModel.swift; sourceTree = "<group>"; };
		A8C8C8092871CB3800143872 /* RegisterResponseModel.swift */ = {isa = PBXFileReference; lastKnownFileType = sourcecode.swift; path = RegisterResponseModel.swift; sourceTree = "<group>"; };
		A8DA42FD2888CB7E00F1493E /* ListOfMehtodsResponseModel.swift */ = {isa = PBXFileReference; lastKnownFileType = sourcecode.swift; path = ListOfMehtodsResponseModel.swift; sourceTree = "<group>"; };
		A8DA43002888CD4000F1493E /* CreateMethodResponseModel.swift */ = {isa = PBXFileReference; lastKnownFileType = sourcecode.swift; path = CreateMethodResponseModel.swift; sourceTree = "<group>"; };
		A8DA43022888CD7C00F1493E /* CreateMethodModel.swift */ = {isa = PBXFileReference; lastKnownFileType = sourcecode.swift; path = CreateMethodModel.swift; sourceTree = "<group>"; };
		A8DA43042888CFFC00F1493E /* UpgradeUserModel.swift */ = {isa = PBXFileReference; lastKnownFileType = sourcecode.swift; path = UpgradeUserModel.swift; sourceTree = "<group>"; };
		A8DA43062888D92400F1493E /* HomeVC+SetupUI.swift */ = {isa = PBXFileReference; lastKnownFileType = sourcecode.swift; path = "HomeVC+SetupUI.swift"; sourceTree = "<group>"; };
		A8DA43092888D99400F1493E /* CategoriesVC+SetupUI.swift */ = {isa = PBXFileReference; lastKnownFileType = sourcecode.swift; path = "CategoriesVC+SetupUI.swift"; sourceTree = "<group>"; };
		A8DA430B2888D9B000F1493E /* CategoriesVC+Collection.swift */ = {isa = PBXFileReference; lastKnownFileType = sourcecode.swift; path = "CategoriesVC+Collection.swift"; sourceTree = "<group>"; };
		A8DC659928577590008879B4 /* EditPasswordViewController.swift */ = {isa = PBXFileReference; lastKnownFileType = sourcecode.swift; path = EditPasswordViewController.swift; sourceTree = "<group>"; };
		A8E1F80028620A87004DFC21 /* TeacherPromotionCollectionViewCell.swift */ = {isa = PBXFileReference; lastKnownFileType = sourcecode.swift; path = TeacherPromotionCollectionViewCell.swift; sourceTree = "<group>"; };
		AF56F268C1243AC2F59B4D84 /* Pods-Ostaz.debug.xcconfig */ = {isa = PBXFileReference; includeInIndex = 1; lastKnownFileType = text.xcconfig; name = "Pods-Ostaz.debug.xcconfig"; path = "Target Support Files/Pods-Ostaz/Pods-Ostaz.debug.xcconfig"; sourceTree = "<group>"; };
		DB66CA99EA88BE48D1F9CB93 /* Pods-Ostaz-OstazUITests.release.xcconfig */ = {isa = PBXFileReference; includeInIndex = 1; lastKnownFileType = text.xcconfig; name = "Pods-Ostaz-OstazUITests.release.xcconfig"; path = "Target Support Files/Pods-Ostaz-OstazUITests/Pods-Ostaz-OstazUITests.release.xcconfig"; sourceTree = "<group>"; };
/* End PBXFileReference section */

/* Begin PBXFrameworksBuildPhase section */
		A817351E284E68300008CF8E /* Frameworks */ = {
			isa = PBXFrameworksBuildPhase;
			buildActionMask = 2147483647;
			files = (
				924C71154C8BF85913072234 /* Pods_Ostaz.framework in Frameworks */,
			);
			runOnlyForDeploymentPostprocessing = 0;
		};
		A8173537284E68320008CF8E /* Frameworks */ = {
			isa = PBXFrameworksBuildPhase;
			buildActionMask = 2147483647;
			files = (
				4093203DA77B663DEECE6F75 /* Pods_OstazTests.framework in Frameworks */,
			);
			runOnlyForDeploymentPostprocessing = 0;
		};
		A8173541284E68330008CF8E /* Frameworks */ = {
			isa = PBXFrameworksBuildPhase;
			buildActionMask = 2147483647;
			files = (
				9947218739307DEDC367C631 /* Pods_Ostaz_OstazUITests.framework in Frameworks */,
			);
			runOnlyForDeploymentPostprocessing = 0;
		};
/* End PBXFrameworksBuildPhase section */

/* Begin PBXGroup section */
		34A2C432CE7C788033ACB236 /* Frameworks */ = {
			isa = PBXGroup;
			children = (
				2662B4B43FA68DCB481E170C /* Pods_Ostaz.framework */,
				768B8B4D1E5AF5D70E2FA545 /* Pods_Ostaz_OstazUITests.framework */,
				8969C4E8AAC1ED7B41A50729 /* Pods_OstazTests.framework */,
			);
			name = Frameworks;
			sourceTree = "<group>";
		};
		A8042707286B27C5005C5EC1 /* PromotionTeacher */ = {
			isa = PBXGroup;
			children = (
				A8807DD82861F336007E1C9D /* PromotionForTeacherVC.swift */,
				A8042708286B27E9005C5EC1 /* PromotionTeacherVC+SetupUI.swift */,
				A804270A286B282A005C5EC1 /* PromotionTeacherVC+Collection.swift */,
			);
			path = PromotionTeacher;
			sourceTree = "<group>";
		};
		A804270C286B30BE005C5EC1 /* APIs */ = {
			isa = PBXGroup;
			children = (
				A804270D286B310D005C5EC1 /* APIAuth.swift */,
				A84BCBC92883F59600F21FF1 /* APIProfile.swift */,
				A84BCBDB288402BF00F21FF1 /* APIHome.swift */,
				A84BCBDD288402CD00F21FF1 /* APICategory.swift */,
				A84BCBF028840CC900F21FF1 /* APIWishlist.swift */,
				A83611512886AD57009BDB38 /* APIMethods.swift */,
				A847E294288D7A9700C2DAE0 /* APICity.swift */,
				A847E296288D7ABE00C2DAE0 /* APIArea.swift */,
			);
			path = APIs;
			sourceTree = "<group>";
		};
		A8173518284E68300008CF8E = {
			isa = PBXGroup;
			children = (
				A8173523284E68300008CF8E /* Ostaz */,
				A817353D284E68320008CF8E /* OstazTests */,
				A8173547284E68330008CF8E /* OstazUITests */,
				A8173522284E68300008CF8E /* Products */,
				C85D77CDE44C3C1FFD3EF048 /* Pods */,
				34A2C432CE7C788033ACB236 /* Frameworks */,
			);
			sourceTree = "<group>";
		};
		A8173522284E68300008CF8E /* Products */ = {
			isa = PBXGroup;
			children = (
				A8173521284E68300008CF8E /* Ostaz.app */,
				A817353A284E68320008CF8E /* OstazTests.xctest */,
				A8173544284E68330008CF8E /* OstazUITests.xctest */,
			);
			name = Products;
			sourceTree = "<group>";
		};
		A8173523284E68300008CF8E /* Ostaz */ = {
			isa = PBXGroup;
			children = (
				A8173524284E68300008CF8E /* AppDelegate.swift */,
				A8173526284E68300008CF8E /* SceneDelegate.swift */,
				A8954B09284F4D6B00493142 /* Exstensions */,
				A893B4BD2870BEB400E42F36 /* Config */,
				A804270C286B30BE005C5EC1 /* APIs */,
				A83920592855CF1900CD2126 /* Models */,
				A8173557284E684A0008CF8E /* Views */,
				A8173558284E68520008CF8E /* Controllers */,
				A8173559284E686B0008CF8E /* Assets & Launch */,
				A8173535284E68320008CF8E /* Info.plist */,
				A817352D284E68300008CF8E /* Ostaz.xcdatamodeld */,
			);
			path = Ostaz;
			sourceTree = "<group>";
		};
		A817353D284E68320008CF8E /* OstazTests */ = {
			isa = PBXGroup;
			children = (
				A817353E284E68320008CF8E /* OstazTests.swift */,
			);
			path = OstazTests;
			sourceTree = "<group>";
		};
		A8173547284E68330008CF8E /* OstazUITests */ = {
			isa = PBXGroup;
			children = (
				A8173548284E68330008CF8E /* OstazUITests.swift */,
				A817354A284E68330008CF8E /* OstazUITestsLaunchTests.swift */,
			);
			path = OstazUITests;
			sourceTree = "<group>";
		};
		A8173557284E684A0008CF8E /* Views */ = {
			isa = PBXGroup;
			children = (
				A857EC2128561B5E0095AA01 /* Nib Views */,
				A817352A284E68300008CF8E /* Main.storyboard */,
				A8174D242858CFA700121A62 /* Auth.storyboard */,
				A8174D262858D23E00121A62 /* Home.storyboard */,
			);
			path = Views;
			sourceTree = "<group>";
		};
		A8173558284E68520008CF8E /* Controllers */ = {
			isa = PBXGroup;
			children = (
				A85DFAE6285FB40200CEF27B /* Main */,
				A85DFAE5285FB3F800CEF27B /* Auth */,
				A85DFAE4285FB3D500CEF27B /* Home */,
			);
			path = Controllers;
			sourceTree = "<group>";
		};
		A8173559284E686B0008CF8E /* Assets & Launch */ = {
			isa = PBXGroup;
			children = (
				A8173530284E68320008CF8E /* Assets.xcassets */,
				A8173532284E68320008CF8E /* LaunchScreen.storyboard */,
			);
			path = "Assets & Launch";
			sourceTree = "<group>";
		};
		A836114728868F43009BDB38 /* Location */ = {
			isa = PBXGroup;
			children = (
				A8B33C19284F91900025BE8A /* LocationViewController.swift */,
				A836114F2886953C009BDB38 /* LocationVC+SetupUI.swift */,
				A836114B288691A3009BDB38 /* LocationVC+Collection.swift */,
			);
			path = Location;
			sourceTree = "<group>";
		};
		A83920592855CF1900CD2126 /* Models */ = {
			isa = PBXGroup;
			children = (
				A8672C832868830600ED514D /* UserModel.swift */,
				A8552CE52889B78400CDBCE9 /* ProfileModel.swift */,
				A839205A2855CF5A00CD2126 /* CollectionViewsSlides.swift */,
				A89CD1502858B05F009D049D /* WishListItems.swift */,
				A8672C872868856000ED514D /* TeachMethodModel.swift */,
				A836114D288691FE009BDB38 /* CityModel.swift */,
				A8672C892868908D00ED514D /* AreaModel.swift */,
				A8042705286B01A3005C5EC1 /* TeacherCategoryModel.swift */,
				A8DA43022888CD7C00F1493E /* CreateMethodModel.swift */,
				A8DA43042888CFFC00F1493E /* UpgradeUserModel.swift */,
				A8A8C770288D33A900178E2F /* HomeCategoryModel.swift */,
				A8A8C772288D33D200178E2F /* HomeMostViewedModel.swift */,
				A8A8C774288D344600178E2F /* HomePaidInstructorsModel.swift */,
				A8C8C80B2871CB5000143872 /* Json Response */,
			);
			path = Models;
			sourceTree = "<group>";
		};
		A847E298288D7B7C00C2DAE0 /* City */ = {
			isa = PBXGroup;
			children = (
				A847E29A288D7B9D00C2DAE0 /* CityResponseModel.swift */,
			);
			path = City;
			sourceTree = "<group>";
		};
		A847E299288D7B8100C2DAE0 /* Area */ = {
			isa = PBXGroup;
			children = (
				A847E29C288D7E1700C2DAE0 /* AreaResponseModel.swift */,
			);
			path = Area;
			sourceTree = "<group>";
		};
		A84BCBCB2883F83300F21FF1 /* Auth */ = {
			isa = PBXGroup;
			children = (
				A8C8C8072871CAFB00143872 /* LoginResponseModel.swift */,
				A8C8C8092871CB3800143872 /* RegisterResponseModel.swift */,
				A877D11B28741E0000A57E7C /* LogoutResponseModel.swift */,
				A8A016732874701500F45C50 /* FrogetResponseModel.swift */,
				A8A016752874704300F45C50 /* ResetResponseModel.swift */,
				A84BCBD52883FE8700F21FF1 /* SetLocationResponseModel.swift */,
			);
			path = Auth;
			sourceTree = "<group>";
		};
		A84BCBCC2883F83E00F21FF1 /* Profile */ = {
			isa = PBXGroup;
			children = (
				A84BCBC72883F4D900F21FF1 /* ProfileResponseModel.swift */,
				A84BCBCE2883F86300F21FF1 /* UpdateResponseModel.swift */,
				A84BCBD02883F92D00F21FF1 /* EditPassResponseModel.swift */,
				A84BCBD22883FBDF00F21FF1 /* UpgradeResponseModel.swift */,
			);
			path = Profile;
			sourceTree = "<group>";
		};
		A84BCBD72884018000F21FF1 /* Category */ = {
			isa = PBXGroup;
			children = (
				A84BCBE32884050900F21FF1 /* CategoryResponseModel.swift */,
				A84BCBE52884054900F21FF1 /* SubCateOfMainCateResponseModel.swift */,
				A84BCBE72884058200F21FF1 /* InstOfSubCateResponseModel.swift */,
			);
			path = Category;
			sourceTree = "<group>";
		};
		A84BCBD82884019600F21FF1 /* Home */ = {
			isa = PBXGroup;
			children = (
				A8A8C76E288D332600178E2F /* HomeResponseModel.swift */,
				A84BCBD9288401BE00F21FF1 /* SearchResponseModel.swift */,
				A84BCBDF2884033700F21FF1 /* GetAllCateResponseModel.swift */,
				A84BCBE12884036000F21FF1 /* GetAllInstResponseModel.swift */,
			);
			path = Home;
			sourceTree = "<group>";
		};
		A84BCBEB28840B6F00F21FF1 /* WishList */ = {
			isa = PBXGroup;
			children = (
				A84BCBEC28840BA600F21FF1 /* WishListResponseModel.swift */,
				A84BCBEE28840BED00F21FF1 /* LikeAndDisLikeResponseModel.swift */,
			);
			path = WishList;
			sourceTree = "<group>";
		};
		A857EC2128561B5E0095AA01 /* Nib Views */ = {
			isa = PBXGroup;
			children = (
				A8B750D3286006BB00305575 /* ForgetPasswordView */,
				A89CD14D28589CAA009D049D /* WishList */,
				A89CD14228588C93009D049D /* AcountTeacher */,
				A857EC2228561BA70095AA01 /* Signup */,
			);
			path = "Nib Views";
			sourceTree = "<group>";
		};
		A857EC2228561BA70095AA01 /* Signup */ = {
			isa = PBXGroup;
			children = (
				A857EC1F285616F50095AA01 /* SignupView.swift */,
				A857EC1D285613450095AA01 /* SignupView.xib */,
			);
			path = Signup;
			sourceTree = "<group>";
		};
		A85DFAE4285FB3D500CEF27B /* Home */ = {
			isa = PBXGroup;
			children = (
				A8672C7D2867DED300ED514D /* HomeTabBarVC.swift */,
				A8A0166B28745DB900F45C50 /* HomePage */,
				A8672C812868469300ED514D /* HomeSearchVC.swift */,
				A8B499032863D4760038C782 /* HomeFilterVC.swift */,
				A8618AA0288EC0260093B554 /* HomePaidInstCollectionViewCell.swift */,
				A839205C2855D7BE00CD2126 /* HomeMostViewedCollectionViewCell.swift */,
				A8A7DD5F28617A8100DABB8A /* HomeCategoriesCollectionViewCell.swift */,
				A8DA43082888D96C00F1493E /* Categories Page */,
				A85DFAE2285FB3C700CEF27B /* CategoriesCollectionViewCell.swift */,
				A84BCBF228840FE800F21FF1 /* SubCategoryVC.swift */,
				A84BCBF4288410BD00F21FF1 /* SubCategoryCollectionViewCell.swift */,
				A89CD14728589B52009D049D /* WishListViewController.swift */,
				A89CD13E28587832009D049D /* MoreViewController.swift */,
				A89CD1522858BACB009D049D /* SportsViewController.swift */,
			);
			path = Home;
			sourceTree = "<group>";
		};
		A85DFAE5285FB3F800CEF27B /* Auth */ = {
			isa = PBXGroup;
			children = (
				A8AE0E58287197E9007596EA /* Register */,
				A877D11D28742C4100A57E7C /* Login */,
				A8A0166E2874676700F45C50 /* Froget Password */,
				A836114728868F43009BDB38 /* Location */,
				A836114828868F6C009BDB38 /* LocationCollViewCell.swift */,
			);
			path = Auth;
			sourceTree = "<group>";
		};
		A85DFAE6285FB40200CEF27B /* Main */ = {
			isa = PBXGroup;
			children = (
				A8042707286B27C5005C5EC1 /* PromotionTeacher */,
				A8E1F80028620A87004DFC21 /* TeacherPromotionCollectionViewCell.swift */,
				A877D12328743D7500A57E7C /* TeacherProfile */,
				A8807DD62861B7F9007E1C9D /* TeacherProfileCollectionViewCell.swift */,
				A89CD14028588A99009D049D /* AcountViewController.swift */,
				A877D12028742F2B00A57E7C /* EditPassVC */,
			);
			path = Main;
			sourceTree = "<group>";
		};
		A877D11D28742C4100A57E7C /* Login */ = {
			isa = PBXGroup;
			children = (
				A8173528284E68300008CF8E /* LoginViewController.swift */,
				A877D11E28742C6600A57E7C /* LoginVC+ValidationOfUI.swift */,
			);
			path = Login;
			sourceTree = "<group>";
		};
		A877D12028742F2B00A57E7C /* EditPassVC */ = {
			isa = PBXGroup;
			children = (
				A8DC659928577590008879B4 /* EditPasswordViewController.swift */,
				A877D12128742F5A00A57E7C /* EditPassVC+ValidationOfUI.swift */,
			);
			path = EditPassVC;
			sourceTree = "<group>";
		};
		A877D12328743D7500A57E7C /* TeacherProfile */ = {
			isa = PBXGroup;
			children = (
				A857EC1B2855FE900095AA01 /* TeacherProfileViewController.swift */,
				A877D12428743DA000A57E7C /* TeacherProfileVC+Collection.swift */,
				A877D12628743DE000A57E7C /* TeacherProfileVC+SetupUI.swift */,
			);
			path = TeacherProfile;
			sourceTree = "<group>";
		};
		A893B4BD2870BEB400E42F36 /* Config */ = {
			isa = PBXGroup;
			children = (
				A893B4BE2870BECF00E42F36 /* Config.swift */,
			);
			path = Config;
			sourceTree = "<group>";
		};
		A8954B09284F4D6B00493142 /* Exstensions */ = {
			isa = PBXGroup;
			children = (
				A8954B07284F4D6600493142 /* ExstensionsOfUIView.swift */,
				A804270F286B349F005C5EC1 /* ExstensionsOfString.swift */,
				A824B69E288FD619002A2E84 /* UIImageViewExstensions.swift */,
			);
			path = Exstensions;
			sourceTree = "<group>";
		};
		A89CD14228588C93009D049D /* AcountTeacher */ = {
			isa = PBXGroup;
			children = (
				A8A7DD5B2861596D00DABB8A /* AccountCustomView.swift */,
				A89CD14528588D15009D049D /* AccountCustomView.xib */,
			);
			path = AcountTeacher;
			sourceTree = "<group>";
		};
		A89CD14D28589CAA009D049D /* WishList */ = {
			isa = PBXGroup;
			children = (
				A89CD14928589C99009D049D /* WishListCell.swift */,
				A89CD14A28589C99009D049D /* WishListCell.xib */,
			);
			path = WishList;
			sourceTree = "<group>";
		};
		A8A0166B28745DB900F45C50 /* HomePage */ = {
			isa = PBXGroup;
			children = (
				A84D15EA28521F55004E1995 /* HomeViewController.swift */,
				A8A0166C28745DD000F45C50 /* HomeVC+Collection.swift */,
				A8DA43062888D92400F1493E /* HomeVC+SetupUI.swift */,
			);
			path = HomePage;
			sourceTree = "<group>";
		};
		A8A0166E2874676700F45C50 /* Froget Password */ = {
			isa = PBXGroup;
			children = (
				A8B750D12860012700305575 /* ForgetPasswordVC.swift */,
				A8A0166F2874679000F45C50 /* ResetPasswordVC.swift */,
				A8A0167128746DC300F45C50 /* ResetVC+ValidationUI.swift */,
			);
			path = "Froget Password";
			sourceTree = "<group>";
		};
		A8AE0E58287197E9007596EA /* Register */ = {
			isa = PBXGroup;
			children = (
				A817355A284E7D170008CF8E /* RegisterViewController.swift */,
				A8AE0E56287197D4007596EA /* RegiserVC+ValidationOfUI.swift */,
			);
			path = Register;
			sourceTree = "<group>";
		};
		A8B750D3286006BB00305575 /* ForgetPasswordView */ = {
			isa = PBXGroup;
			children = (
				A8A7DD5D286162FE00DABB8A /* PasswordCustomView.swift */,
				A8B750D4286006E600305575 /* PasswordCustomView.xib */,
			);
			path = ForgetPasswordView;
			sourceTree = "<group>";
		};
		A8C8C80B2871CB5000143872 /* Json Response */ = {
			isa = PBXGroup;
			children = (
				A84BCBCB2883F83300F21FF1 /* Auth */,
				A84BCBCC2883F83E00F21FF1 /* Profile */,
				A84BCBD82884019600F21FF1 /* Home */,
				A84BCBD72884018000F21FF1 /* Category */,
				A84BCBEB28840B6F00F21FF1 /* WishList */,
				A8DA42FF2888CB8200F1493E /* Methods */,
				A847E298288D7B7C00C2DAE0 /* City */,
				A847E299288D7B8100C2DAE0 /* Area */,
			);
			path = "Json Response";
			sourceTree = "<group>";
		};
		A8DA42FF2888CB8200F1493E /* Methods */ = {
			isa = PBXGroup;
			children = (
				A8DA42FD2888CB7E00F1493E /* ListOfMehtodsResponseModel.swift */,
				A8DA43002888CD4000F1493E /* CreateMethodResponseModel.swift */,
			);
			path = Methods;
			sourceTree = "<group>";
		};
		A8DA43082888D96C00F1493E /* Categories Page */ = {
			isa = PBXGroup;
			children = (
				A89CD14E2858A52E009D049D /* CategoriesViewController.swift */,
				A8DA43092888D99400F1493E /* CategoriesVC+SetupUI.swift */,
				A8DA430B2888D9B000F1493E /* CategoriesVC+Collection.swift */,
			);
			path = "Categories Page";
			sourceTree = "<group>";
		};
		C85D77CDE44C3C1FFD3EF048 /* Pods */ = {
			isa = PBXGroup;
			children = (
				AF56F268C1243AC2F59B4D84 /* Pods-Ostaz.debug.xcconfig */,
				9157A2E03C1536D7F265321D /* Pods-Ostaz.release.xcconfig */,
				7C2CB43151644BE8B5BF2FE2 /* Pods-Ostaz-OstazUITests.debug.xcconfig */,
				DB66CA99EA88BE48D1F9CB93 /* Pods-Ostaz-OstazUITests.release.xcconfig */,
				5105CFB83A03B8B2DDC7E5D3 /* Pods-OstazTests.debug.xcconfig */,
				04A961C387F5FE05530BA173 /* Pods-OstazTests.release.xcconfig */,
			);
			path = Pods;
			sourceTree = "<group>";
		};
/* End PBXGroup section */

/* Begin PBXNativeTarget section */
		A8173520284E68300008CF8E /* Ostaz */ = {
			isa = PBXNativeTarget;
			buildConfigurationList = A817354E284E68330008CF8E /* Build configuration list for PBXNativeTarget "Ostaz" */;
			buildPhases = (
				3BD63D342FC9B9D7E9EBD5C8 /* [CP] Check Pods Manifest.lock */,
				A817351D284E68300008CF8E /* Sources */,
				A817351E284E68300008CF8E /* Frameworks */,
				A817351F284E68300008CF8E /* Resources */,
				594603FF617F62E0545F0F3C /* [CP] Embed Pods Frameworks */,
			);
			buildRules = (
			);
			dependencies = (
			);
			name = Ostaz;
			productName = Ostaz;
			productReference = A8173521284E68300008CF8E /* Ostaz.app */;
			productType = "com.apple.product-type.application";
		};
		A8173539284E68320008CF8E /* OstazTests */ = {
			isa = PBXNativeTarget;
			buildConfigurationList = A8173551284E68330008CF8E /* Build configuration list for PBXNativeTarget "OstazTests" */;
			buildPhases = (
				237AEA15870403FDEB16D26B /* [CP] Check Pods Manifest.lock */,
				A8173536284E68320008CF8E /* Sources */,
				A8173537284E68320008CF8E /* Frameworks */,
				A8173538284E68320008CF8E /* Resources */,
			);
			buildRules = (
			);
			dependencies = (
				A817353C284E68320008CF8E /* PBXTargetDependency */,
			);
			name = OstazTests;
			productName = OstazTests;
			productReference = A817353A284E68320008CF8E /* OstazTests.xctest */;
			productType = "com.apple.product-type.bundle.unit-test";
		};
		A8173543284E68330008CF8E /* OstazUITests */ = {
			isa = PBXNativeTarget;
			buildConfigurationList = A8173554284E68330008CF8E /* Build configuration list for PBXNativeTarget "OstazUITests" */;
			buildPhases = (
				E7B06DB138793EFFBE26C22E /* [CP] Check Pods Manifest.lock */,
				A8173540284E68330008CF8E /* Sources */,
				A8173541284E68330008CF8E /* Frameworks */,
				A8173542284E68330008CF8E /* Resources */,
				25274F5DD533F59B2D219815 /* [CP] Embed Pods Frameworks */,
			);
			buildRules = (
			);
			dependencies = (
				A8173546284E68330008CF8E /* PBXTargetDependency */,
			);
			name = OstazUITests;
			productName = OstazUITests;
			productReference = A8173544284E68330008CF8E /* OstazUITests.xctest */;
			productType = "com.apple.product-type.bundle.ui-testing";
		};
/* End PBXNativeTarget section */

/* Begin PBXProject section */
		A8173519284E68300008CF8E /* Project object */ = {
			isa = PBXProject;
			attributes = {
				BuildIndependentTargetsInParallel = 1;
				LastSwiftUpdateCheck = 1340;
				LastUpgradeCheck = 1340;
				TargetAttributes = {
					A8173520284E68300008CF8E = {
						CreatedOnToolsVersion = 13.4;
					};
					A8173539284E68320008CF8E = {
						CreatedOnToolsVersion = 13.4;
						TestTargetID = A8173520284E68300008CF8E;
					};
					A8173543284E68330008CF8E = {
						CreatedOnToolsVersion = 13.4;
						TestTargetID = A8173520284E68300008CF8E;
					};
				};
			};
			buildConfigurationList = A817351C284E68300008CF8E /* Build configuration list for PBXProject "Ostaz" */;
			compatibilityVersion = "Xcode 13.0";
			developmentRegion = en;
			hasScannedForEncodings = 0;
			knownRegions = (
				en,
				Base,
			);
			mainGroup = A8173518284E68300008CF8E;
			packageReferences = (
			);
			productRefGroup = A8173522284E68300008CF8E /* Products */;
			projectDirPath = "";
			projectRoot = "";
			targets = (
				A8173520284E68300008CF8E /* Ostaz */,
				A8173539284E68320008CF8E /* OstazTests */,
				A8173543284E68330008CF8E /* OstazUITests */,
			);
		};
/* End PBXProject section */

/* Begin PBXResourcesBuildPhase section */
		A817351F284E68300008CF8E /* Resources */ = {
			isa = PBXResourcesBuildPhase;
			buildActionMask = 2147483647;
			files = (
				A8174D252858CFA700121A62 /* Auth.storyboard in Resources */,
				A857EC1E285613450095AA01 /* SignupView.xib in Resources */,
				A8173534284E68320008CF8E /* LaunchScreen.storyboard in Resources */,
				A8173531284E68320008CF8E /* Assets.xcassets in Resources */,
				A8B750D5286006E600305575 /* PasswordCustomView.xib in Resources */,
				A8174D272858D23E00121A62 /* Home.storyboard in Resources */,
				A89CD14628588D15009D049D /* AccountCustomView.xib in Resources */,
				A89CD14C28589C99009D049D /* WishListCell.xib in Resources */,
				A817352C284E68300008CF8E /* Main.storyboard in Resources */,
			);
			runOnlyForDeploymentPostprocessing = 0;
		};
		A8173538284E68320008CF8E /* Resources */ = {
			isa = PBXResourcesBuildPhase;
			buildActionMask = 2147483647;
			files = (
			);
			runOnlyForDeploymentPostprocessing = 0;
		};
		A8173542284E68330008CF8E /* Resources */ = {
			isa = PBXResourcesBuildPhase;
			buildActionMask = 2147483647;
			files = (
			);
			runOnlyForDeploymentPostprocessing = 0;
		};
/* End PBXResourcesBuildPhase section */

/* Begin PBXShellScriptBuildPhase section */
		237AEA15870403FDEB16D26B /* [CP] Check Pods Manifest.lock */ = {
			isa = PBXShellScriptBuildPhase;
			buildActionMask = 2147483647;
			files = (
			);
			inputFileListPaths = (
			);
			inputPaths = (
				"${PODS_PODFILE_DIR_PATH}/Podfile.lock",
				"${PODS_ROOT}/Manifest.lock",
			);
			name = "[CP] Check Pods Manifest.lock";
			outputFileListPaths = (
			);
			outputPaths = (
				"$(DERIVED_FILE_DIR)/Pods-OstazTests-checkManifestLockResult.txt",
			);
			runOnlyForDeploymentPostprocessing = 0;
			shellPath = /bin/sh;
			shellScript = "diff \"${PODS_PODFILE_DIR_PATH}/Podfile.lock\" \"${PODS_ROOT}/Manifest.lock\" > /dev/null\nif [ $? != 0 ] ; then\n    # print error to STDERR\n    echo \"error: The sandbox is not in sync with the Podfile.lock. Run 'pod install' or update your CocoaPods installation.\" >&2\n    exit 1\nfi\n# This output is used by Xcode 'outputs' to avoid re-running this script phase.\necho \"SUCCESS\" > \"${SCRIPT_OUTPUT_FILE_0}\"\n";
			showEnvVarsInLog = 0;
		};
		25274F5DD533F59B2D219815 /* [CP] Embed Pods Frameworks */ = {
			isa = PBXShellScriptBuildPhase;
			buildActionMask = 2147483647;
			files = (
			);
			inputFileListPaths = (
				"${PODS_ROOT}/Target Support Files/Pods-Ostaz-OstazUITests/Pods-Ostaz-OstazUITests-frameworks-${CONFIGURATION}-input-files.xcfilelist",
			);
			name = "[CP] Embed Pods Frameworks";
			outputFileListPaths = (
				"${PODS_ROOT}/Target Support Files/Pods-Ostaz-OstazUITests/Pods-Ostaz-OstazUITests-frameworks-${CONFIGURATION}-output-files.xcfilelist",
			);
			runOnlyForDeploymentPostprocessing = 0;
			shellPath = /bin/sh;
			shellScript = "\"${PODS_ROOT}/Target Support Files/Pods-Ostaz-OstazUITests/Pods-Ostaz-OstazUITests-frameworks.sh\"\n";
			showEnvVarsInLog = 0;
		};
		3BD63D342FC9B9D7E9EBD5C8 /* [CP] Check Pods Manifest.lock */ = {
			isa = PBXShellScriptBuildPhase;
			buildActionMask = 2147483647;
			files = (
			);
			inputFileListPaths = (
			);
			inputPaths = (
				"${PODS_PODFILE_DIR_PATH}/Podfile.lock",
				"${PODS_ROOT}/Manifest.lock",
			);
			name = "[CP] Check Pods Manifest.lock";
			outputFileListPaths = (
			);
			outputPaths = (
				"$(DERIVED_FILE_DIR)/Pods-Ostaz-checkManifestLockResult.txt",
			);
			runOnlyForDeploymentPostprocessing = 0;
			shellPath = /bin/sh;
			shellScript = "diff \"${PODS_PODFILE_DIR_PATH}/Podfile.lock\" \"${PODS_ROOT}/Manifest.lock\" > /dev/null\nif [ $? != 0 ] ; then\n    # print error to STDERR\n    echo \"error: The sandbox is not in sync with the Podfile.lock. Run 'pod install' or update your CocoaPods installation.\" >&2\n    exit 1\nfi\n# This output is used by Xcode 'outputs' to avoid re-running this script phase.\necho \"SUCCESS\" > \"${SCRIPT_OUTPUT_FILE_0}\"\n";
			showEnvVarsInLog = 0;
		};
		594603FF617F62E0545F0F3C /* [CP] Embed Pods Frameworks */ = {
			isa = PBXShellScriptBuildPhase;
			buildActionMask = 2147483647;
			files = (
			);
			inputFileListPaths = (
				"${PODS_ROOT}/Target Support Files/Pods-Ostaz/Pods-Ostaz-frameworks-${CONFIGURATION}-input-files.xcfilelist",
			);
			name = "[CP] Embed Pods Frameworks";
			outputFileListPaths = (
				"${PODS_ROOT}/Target Support Files/Pods-Ostaz/Pods-Ostaz-frameworks-${CONFIGURATION}-output-files.xcfilelist",
			);
			runOnlyForDeploymentPostprocessing = 0;
			shellPath = /bin/sh;
			shellScript = "\"${PODS_ROOT}/Target Support Files/Pods-Ostaz/Pods-Ostaz-frameworks.sh\"\n";
			showEnvVarsInLog = 0;
		};
		E7B06DB138793EFFBE26C22E /* [CP] Check Pods Manifest.lock */ = {
			isa = PBXShellScriptBuildPhase;
			buildActionMask = 2147483647;
			files = (
			);
			inputFileListPaths = (
			);
			inputPaths = (
				"${PODS_PODFILE_DIR_PATH}/Podfile.lock",
				"${PODS_ROOT}/Manifest.lock",
			);
			name = "[CP] Check Pods Manifest.lock";
			outputFileListPaths = (
			);
			outputPaths = (
				"$(DERIVED_FILE_DIR)/Pods-Ostaz-OstazUITests-checkManifestLockResult.txt",
			);
			runOnlyForDeploymentPostprocessing = 0;
			shellPath = /bin/sh;
			shellScript = "diff \"${PODS_PODFILE_DIR_PATH}/Podfile.lock\" \"${PODS_ROOT}/Manifest.lock\" > /dev/null\nif [ $? != 0 ] ; then\n    # print error to STDERR\n    echo \"error: The sandbox is not in sync with the Podfile.lock. Run 'pod install' or update your CocoaPods installation.\" >&2\n    exit 1\nfi\n# This output is used by Xcode 'outputs' to avoid re-running this script phase.\necho \"SUCCESS\" > \"${SCRIPT_OUTPUT_FILE_0}\"\n";
			showEnvVarsInLog = 0;
		};
/* End PBXShellScriptBuildPhase section */

/* Begin PBXSourcesBuildPhase section */
		A817351D284E68300008CF8E /* Sources */ = {
			isa = PBXSourcesBuildPhase;
			buildActionMask = 2147483647;
			files = (
				A84BCBDC288402BF00F21FF1 /* APIHome.swift in Sources */,
				A8672C822868469300ED514D /* HomeSearchVC.swift in Sources */,
				A847E29B288D7B9D00C2DAE0 /* CityResponseModel.swift in Sources */,
				A84BCBD12883F92D00F21FF1 /* EditPassResponseModel.swift in Sources */,
				A83611502886953C009BDB38 /* LocationVC+SetupUI.swift in Sources */,
				A8A016702874679000F45C50 /* ResetPasswordVC.swift in Sources */,
				A89CD14F2858A52E009D049D /* CategoriesViewController.swift in Sources */,
				A8042709286B27E9005C5EC1 /* PromotionTeacherVC+SetupUI.swift in Sources */,
				A847E297288D7ABE00C2DAE0 /* APIArea.swift in Sources */,
				A8042710286B349F005C5EC1 /* ExstensionsOfString.swift in Sources */,
				A877D11F28742C6600A57E7C /* LoginVC+ValidationOfUI.swift in Sources */,
				A877D12228742F5A00A57E7C /* EditPassVC+ValidationOfUI.swift in Sources */,
				A8E1F80128620A87004DFC21 /* TeacherPromotionCollectionViewCell.swift in Sources */,
				A804270B286B282A005C5EC1 /* PromotionTeacherVC+Collection.swift in Sources */,
				A84BCBF328840FE800F21FF1 /* SubCategoryVC.swift in Sources */,
				A8DA43072888D92400F1493E /* HomeVC+SetupUI.swift in Sources */,
				A8DC659A28577590008879B4 /* EditPasswordViewController.swift in Sources */,
				A836114C288691A3009BDB38 /* LocationVC+Collection.swift in Sources */,
				A8672C7E2867DED300ED514D /* HomeTabBarVC.swift in Sources */,
				A84BCBE82884058200F21FF1 /* InstOfSubCateResponseModel.swift in Sources */,
				A8A8C775288D344600178E2F /* HomePaidInstructorsModel.swift in Sources */,
				A8173529284E68300008CF8E /* LoginViewController.swift in Sources */,
				A89CD1512858B05F009D049D /* WishListItems.swift in Sources */,
				A8618AA1288EC0260093B554 /* HomePaidInstCollectionViewCell.swift in Sources */,
				A84BCBE22884036000F21FF1 /* GetAllInstResponseModel.swift in Sources */,
				A8A7DD5E286162FE00DABB8A /* PasswordCustomView.swift in Sources */,
				A8B750D22860012700305575 /* ForgetPasswordVC.swift in Sources */,
				A84BCBE42884050900F21FF1 /* CategoryResponseModel.swift in Sources */,
				A839205B2855CF5A00CD2126 /* CollectionViewsSlides.swift in Sources */,
				A8807DD72861B7F9007E1C9D /* TeacherProfileCollectionViewCell.swift in Sources */,
				A84BCBDA288401BE00F21FF1 /* SearchResponseModel.swift in Sources */,
				A89CD14828589B52009D049D /* WishListViewController.swift in Sources */,
				A817355B284E7D170008CF8E /* RegisterViewController.swift in Sources */,
				A8A016742874701500F45C50 /* FrogetResponseModel.swift in Sources */,
				A85DFAE3285FB3C700CEF27B /* CategoriesCollectionViewCell.swift in Sources */,
				A8A7DD5C2861596D00DABB8A /* AccountCustomView.swift in Sources */,
				A836114928868F6C009BDB38 /* LocationCollViewCell.swift in Sources */,
				A877D12528743DA000A57E7C /* TeacherProfileVC+Collection.swift in Sources */,
				A8A8C771288D33A900178E2F /* HomeCategoryModel.swift in Sources */,
				A84BCBF128840CC900F21FF1 /* APIWishlist.swift in Sources */,
				A8173525284E68300008CF8E /* AppDelegate.swift in Sources */,
				A857EC20285616F50095AA01 /* SignupView.swift in Sources */,
				A836114E288691FE009BDB38 /* CityModel.swift in Sources */,
				A8A7DD6028617A8100DABB8A /* HomeCategoriesCollectionViewCell.swift in Sources */,
				A847E295288D7A9700C2DAE0 /* APICity.swift in Sources */,
				A8A0167228746DC300F45C50 /* ResetVC+ValidationUI.swift in Sources */,
				A804270E286B310D005C5EC1 /* APIAuth.swift in Sources */,
				A877D12728743DE000A57E7C /* TeacherProfileVC+SetupUI.swift in Sources */,
				A857EC1C2855FE900095AA01 /* TeacherProfileViewController.swift in Sources */,
				A89CD13F28587832009D049D /* MoreViewController.swift in Sources */,
				A8A8C773288D33D200178E2F /* HomeMostViewedModel.swift in Sources */,
				A89CD1532858BACB009D049D /* SportsViewController.swift in Sources */,
				A8A8C76F288D332600178E2F /* HomeResponseModel.swift in Sources */,
				A8672C882868856000ED514D /* TeachMethodModel.swift in Sources */,
				A84BCBD62883FE8700F21FF1 /* SetLocationResponseModel.swift in Sources */,
				A89CD14B28589C99009D049D /* WishListCell.swift in Sources */,
				A83611522886AD57009BDB38 /* APIMethods.swift in Sources */,
				A8042706286B01A3005C5EC1 /* TeacherCategoryModel.swift in Sources */,
				A8807DD92861F336007E1C9D /* PromotionForTeacherVC.swift in Sources */,
				A8173527284E68300008CF8E /* SceneDelegate.swift in Sources */,
				A839205D2855D7BE00CD2126 /* HomeMostViewedCollectionViewCell.swift in Sources */,
				A8DA430A2888D99400F1493E /* CategoriesVC+SetupUI.swift in Sources */,
				A84D15EB28521F55004E1995 /* HomeViewController.swift in Sources */,
				A84BCBE62884054900F21FF1 /* SubCateOfMainCateResponseModel.swift in Sources */,
				A824B69F288FD619002A2E84 /* UIImageViewExstensions.swift in Sources */,
				A8672C842868830600ED514D /* UserModel.swift in Sources */,
				A84BCBD32883FBDF00F21FF1 /* UpgradeResponseModel.swift in Sources */,
				A8DA43032888CD7C00F1493E /* CreateMethodModel.swift in Sources */,
				A8C8C80A2871CB3800143872 /* RegisterResponseModel.swift in Sources */,
				A8552CE62889B78400CDBCE9 /* ProfileModel.swift in Sources */,
				A8DA42FE2888CB7E00F1493E /* ListOfMehtodsResponseModel.swift in Sources */,
				A8954B08284F4D6600493142 /* ExstensionsOfUIView.swift in Sources */,
				A847E29D288D7E1700C2DAE0 /* AreaResponseModel.swift in Sources */,
				A8DA430C2888D9B000F1493E /* CategoriesVC+Collection.swift in Sources */,
				A84BCBF5288410BD00F21FF1 /* SubCategoryCollectionViewCell.swift in Sources */,
				A817352F284E68300008CF8E /* Ostaz.xcdatamodeld in Sources */,
				A8DA43052888CFFC00F1493E /* UpgradeUserModel.swift in Sources */,
				A8B499042863D4760038C782 /* HomeFilterVC.swift in Sources */,
				A84BCBCA2883F59600F21FF1 /* APIProfile.swift in Sources */,
				A8C8C8082871CAFB00143872 /* LoginResponseModel.swift in Sources */,
				A89CD14128588A99009D049D /* AcountViewController.swift in Sources */,
				A8A0166D28745DD000F45C50 /* HomeVC+Collection.swift in Sources */,
				A84BCBE02884033700F21FF1 /* GetAllCateResponseModel.swift in Sources */,
				A8A016762874704300F45C50 /* ResetResponseModel.swift in Sources */,
				A84BCBED28840BA600F21FF1 /* WishListResponseModel.swift in Sources */,
				A8DA43012888CD4000F1493E /* CreateMethodResponseModel.swift in Sources */,
				A84BCBDE288402CD00F21FF1 /* APICategory.swift in Sources */,
				A893B4BF2870BECF00E42F36 /* Config.swift in Sources */,
				A84BCBEF28840BED00F21FF1 /* LikeAndDisLikeResponseModel.swift in Sources */,
				A8AE0E57287197D4007596EA /* RegiserVC+ValidationOfUI.swift in Sources */,
				A8672C8A2868908D00ED514D /* AreaModel.swift in Sources */,
				A877D11C28741E0000A57E7C /* LogoutResponseModel.swift in Sources */,
				A84BCBC82883F4D900F21FF1 /* ProfileResponseModel.swift in Sources */,
				A8B33C1A284F91900025BE8A /* LocationViewController.swift in Sources */,
				A84BCBCF2883F86300F21FF1 /* UpdateResponseModel.swift in Sources */,
			);
			runOnlyForDeploymentPostprocessing = 0;
		};
		A8173536284E68320008CF8E /* Sources */ = {
			isa = PBXSourcesBuildPhase;
			buildActionMask = 2147483647;
			files = (
				A817353F284E68320008CF8E /* OstazTests.swift in Sources */,
			);
			runOnlyForDeploymentPostprocessing = 0;
		};
		A8173540284E68330008CF8E /* Sources */ = {
			isa = PBXSourcesBuildPhase;
			buildActionMask = 2147483647;
			files = (
				A817354B284E68330008CF8E /* OstazUITestsLaunchTests.swift in Sources */,
				A8173549284E68330008CF8E /* OstazUITests.swift in Sources */,
			);
			runOnlyForDeploymentPostprocessing = 0;
		};
/* End PBXSourcesBuildPhase section */

/* Begin PBXTargetDependency section */
		A817353C284E68320008CF8E /* PBXTargetDependency */ = {
			isa = PBXTargetDependency;
			target = A8173520284E68300008CF8E /* Ostaz */;
			targetProxy = A817353B284E68320008CF8E /* PBXContainerItemProxy */;
		};
		A8173546284E68330008CF8E /* PBXTargetDependency */ = {
			isa = PBXTargetDependency;
			target = A8173520284E68300008CF8E /* Ostaz */;
			targetProxy = A8173545284E68330008CF8E /* PBXContainerItemProxy */;
		};
/* End PBXTargetDependency section */

/* Begin PBXVariantGroup section */
		A817352A284E68300008CF8E /* Main.storyboard */ = {
			isa = PBXVariantGroup;
			children = (
				A817352B284E68300008CF8E /* Base */,
			);
			name = Main.storyboard;
			sourceTree = "<group>";
		};
		A8173532284E68320008CF8E /* LaunchScreen.storyboard */ = {
			isa = PBXVariantGroup;
			children = (
				A8173533284E68320008CF8E /* Base */,
			);
			name = LaunchScreen.storyboard;
			sourceTree = "<group>";
		};
/* End PBXVariantGroup section */

/* Begin XCBuildConfiguration section */
		A817354C284E68330008CF8E /* Debug */ = {
			isa = XCBuildConfiguration;
			buildSettings = {
				ALWAYS_SEARCH_USER_PATHS = NO;
				CLANG_ANALYZER_NONNULL = YES;
				CLANG_ANALYZER_NUMBER_OBJECT_CONVERSION = YES_AGGRESSIVE;
				CLANG_CXX_LANGUAGE_STANDARD = "gnu++17";
				CLANG_ENABLE_MODULES = YES;
				CLANG_ENABLE_OBJC_ARC = YES;
				CLANG_ENABLE_OBJC_WEAK = YES;
				CLANG_WARN_BLOCK_CAPTURE_AUTORELEASING = YES;
				CLANG_WARN_BOOL_CONVERSION = YES;
				CLANG_WARN_COMMA = YES;
				CLANG_WARN_CONSTANT_CONVERSION = YES;
				CLANG_WARN_DEPRECATED_OBJC_IMPLEMENTATIONS = YES;
				CLANG_WARN_DIRECT_OBJC_ISA_USAGE = YES_ERROR;
				CLANG_WARN_DOCUMENTATION_COMMENTS = YES;
				CLANG_WARN_EMPTY_BODY = YES;
				CLANG_WARN_ENUM_CONVERSION = YES;
				CLANG_WARN_INFINITE_RECURSION = YES;
				CLANG_WARN_INT_CONVERSION = YES;
				CLANG_WARN_NON_LITERAL_NULL_CONVERSION = YES;
				CLANG_WARN_OBJC_IMPLICIT_RETAIN_SELF = YES;
				CLANG_WARN_OBJC_LITERAL_CONVERSION = YES;
				CLANG_WARN_OBJC_ROOT_CLASS = YES_ERROR;
				CLANG_WARN_QUOTED_INCLUDE_IN_FRAMEWORK_HEADER = YES;
				CLANG_WARN_RANGE_LOOP_ANALYSIS = YES;
				CLANG_WARN_STRICT_PROTOTYPES = YES;
				CLANG_WARN_SUSPICIOUS_MOVE = YES;
				CLANG_WARN_UNGUARDED_AVAILABILITY = YES_AGGRESSIVE;
				CLANG_WARN_UNREACHABLE_CODE = YES;
				CLANG_WARN__DUPLICATE_METHOD_MATCH = YES;
				COPY_PHASE_STRIP = NO;
				DEBUG_INFORMATION_FORMAT = dwarf;
				ENABLE_STRICT_OBJC_MSGSEND = YES;
				ENABLE_TESTABILITY = YES;
				GCC_C_LANGUAGE_STANDARD = gnu11;
				GCC_DYNAMIC_NO_PIC = NO;
				GCC_NO_COMMON_BLOCKS = YES;
				GCC_OPTIMIZATION_LEVEL = 0;
				GCC_PREPROCESSOR_DEFINITIONS = (
					"DEBUG=1",
					"$(inherited)",
				);
				GCC_WARN_64_TO_32_BIT_CONVERSION = YES;
				GCC_WARN_ABOUT_RETURN_TYPE = YES_ERROR;
				GCC_WARN_UNDECLARED_SELECTOR = YES;
				GCC_WARN_UNINITIALIZED_AUTOS = YES_AGGRESSIVE;
				GCC_WARN_UNUSED_FUNCTION = YES;
				GCC_WARN_UNUSED_VARIABLE = YES;
				IPHONEOS_DEPLOYMENT_TARGET = 15.0;
				MTL_ENABLE_DEBUG_INFO = INCLUDE_SOURCE;
				MTL_FAST_MATH = YES;
				ONLY_ACTIVE_ARCH = YES;
				SDKROOT = iphoneos;
				SWIFT_ACTIVE_COMPILATION_CONDITIONS = DEBUG;
				SWIFT_OPTIMIZATION_LEVEL = "-Onone";
			};
			name = Debug;
		};
		A817354D284E68330008CF8E /* Release */ = {
			isa = XCBuildConfiguration;
			buildSettings = {
				ALWAYS_SEARCH_USER_PATHS = NO;
				CLANG_ANALYZER_NONNULL = YES;
				CLANG_ANALYZER_NUMBER_OBJECT_CONVERSION = YES_AGGRESSIVE;
				CLANG_CXX_LANGUAGE_STANDARD = "gnu++17";
				CLANG_ENABLE_MODULES = YES;
				CLANG_ENABLE_OBJC_ARC = YES;
				CLANG_ENABLE_OBJC_WEAK = YES;
				CLANG_WARN_BLOCK_CAPTURE_AUTORELEASING = YES;
				CLANG_WARN_BOOL_CONVERSION = YES;
				CLANG_WARN_COMMA = YES;
				CLANG_WARN_CONSTANT_CONVERSION = YES;
				CLANG_WARN_DEPRECATED_OBJC_IMPLEMENTATIONS = YES;
				CLANG_WARN_DIRECT_OBJC_ISA_USAGE = YES_ERROR;
				CLANG_WARN_DOCUMENTATION_COMMENTS = YES;
				CLANG_WARN_EMPTY_BODY = YES;
				CLANG_WARN_ENUM_CONVERSION = YES;
				CLANG_WARN_INFINITE_RECURSION = YES;
				CLANG_WARN_INT_CONVERSION = YES;
				CLANG_WARN_NON_LITERAL_NULL_CONVERSION = YES;
				CLANG_WARN_OBJC_IMPLICIT_RETAIN_SELF = YES;
				CLANG_WARN_OBJC_LITERAL_CONVERSION = YES;
				CLANG_WARN_OBJC_ROOT_CLASS = YES_ERROR;
				CLANG_WARN_QUOTED_INCLUDE_IN_FRAMEWORK_HEADER = YES;
				CLANG_WARN_RANGE_LOOP_ANALYSIS = YES;
				CLANG_WARN_STRICT_PROTOTYPES = YES;
				CLANG_WARN_SUSPICIOUS_MOVE = YES;
				CLANG_WARN_UNGUARDED_AVAILABILITY = YES_AGGRESSIVE;
				CLANG_WARN_UNREACHABLE_CODE = YES;
				CLANG_WARN__DUPLICATE_METHOD_MATCH = YES;
				COPY_PHASE_STRIP = NO;
				DEBUG_INFORMATION_FORMAT = "dwarf-with-dsym";
				ENABLE_NS_ASSERTIONS = NO;
				ENABLE_STRICT_OBJC_MSGSEND = YES;
				GCC_C_LANGUAGE_STANDARD = gnu11;
				GCC_NO_COMMON_BLOCKS = YES;
				GCC_WARN_64_TO_32_BIT_CONVERSION = YES;
				GCC_WARN_ABOUT_RETURN_TYPE = YES_ERROR;
				GCC_WARN_UNDECLARED_SELECTOR = YES;
				GCC_WARN_UNINITIALIZED_AUTOS = YES_AGGRESSIVE;
				GCC_WARN_UNUSED_FUNCTION = YES;
				GCC_WARN_UNUSED_VARIABLE = YES;
				IPHONEOS_DEPLOYMENT_TARGET = 15.0;
				MTL_ENABLE_DEBUG_INFO = NO;
				MTL_FAST_MATH = YES;
				SDKROOT = iphoneos;
				SWIFT_COMPILATION_MODE = wholemodule;
				SWIFT_OPTIMIZATION_LEVEL = "-O";
				VALIDATE_PRODUCT = YES;
			};
			name = Release;
		};
		A817354F284E68330008CF8E /* Debug */ = {
			isa = XCBuildConfiguration;
			baseConfigurationReference = AF56F268C1243AC2F59B4D84 /* Pods-Ostaz.debug.xcconfig */;
			buildSettings = {
				ASSETCATALOG_COMPILER_APPICON_NAME = AppIcon;
				ASSETCATALOG_COMPILER_GLOBAL_ACCENT_COLOR_NAME = AccentColor;
				CODE_SIGN_STYLE = Automatic;
				CURRENT_PROJECT_VERSION = 1;
				DEVELOPMENT_TEAM = 92UAYACNLJ;
				GENERATE_INFOPLIST_FILE = YES;
				INFOPLIST_FILE = Ostaz/Info.plist;
				INFOPLIST_KEY_UIApplicationSupportsIndirectInputEvents = YES;
				INFOPLIST_KEY_UILaunchStoryboardName = LaunchScreen;
				INFOPLIST_KEY_UIMainStoryboardFile = Home;
				INFOPLIST_KEY_UISupportedInterfaceOrientations_iPad = "UIInterfaceOrientationPortrait UIInterfaceOrientationPortraitUpsideDown UIInterfaceOrientationLandscapeLeft UIInterfaceOrientationLandscapeRight";
				INFOPLIST_KEY_UISupportedInterfaceOrientations_iPhone = "UIInterfaceOrientationPortrait UIInterfaceOrientationLandscapeLeft UIInterfaceOrientationLandscapeRight";
				IPHONEOS_DEPLOYMENT_TARGET = 15.0;
				LD_RUNPATH_SEARCH_PATHS = (
					"$(inherited)",
					"@executable_path/Frameworks",
				);
				MARKETING_VERSION = 1.0;
				PRODUCT_BUNDLE_IDENTIFIER = eslam.Ostaz;
				PRODUCT_NAME = "$(TARGET_NAME)";
				SWIFT_EMIT_LOC_STRINGS = YES;
				SWIFT_VERSION = 5.0;
				TARGETED_DEVICE_FAMILY = "1,2";
			};
			name = Debug;
		};
		A8173550284E68330008CF8E /* Release */ = {
			isa = XCBuildConfiguration;
			baseConfigurationReference = 9157A2E03C1536D7F265321D /* Pods-Ostaz.release.xcconfig */;
			buildSettings = {
				ASSETCATALOG_COMPILER_APPICON_NAME = AppIcon;
				ASSETCATALOG_COMPILER_GLOBAL_ACCENT_COLOR_NAME = AccentColor;
				CODE_SIGN_STYLE = Automatic;
				CURRENT_PROJECT_VERSION = 1;
				DEVELOPMENT_TEAM = 92UAYACNLJ;
				GENERATE_INFOPLIST_FILE = YES;
				INFOPLIST_FILE = Ostaz/Info.plist;
				INFOPLIST_KEY_UIApplicationSupportsIndirectInputEvents = YES;
				INFOPLIST_KEY_UILaunchStoryboardName = LaunchScreen;
				INFOPLIST_KEY_UIMainStoryboardFile = Home;
				INFOPLIST_KEY_UISupportedInterfaceOrientations_iPad = "UIInterfaceOrientationPortrait UIInterfaceOrientationPortraitUpsideDown UIInterfaceOrientationLandscapeLeft UIInterfaceOrientationLandscapeRight";
				INFOPLIST_KEY_UISupportedInterfaceOrientations_iPhone = "UIInterfaceOrientationPortrait UIInterfaceOrientationLandscapeLeft UIInterfaceOrientationLandscapeRight";
				IPHONEOS_DEPLOYMENT_TARGET = 15.0;
				LD_RUNPATH_SEARCH_PATHS = (
					"$(inherited)",
					"@executable_path/Frameworks",
				);
				MARKETING_VERSION = 1.0;
				PRODUCT_BUNDLE_IDENTIFIER = eslam.Ostaz;
				PRODUCT_NAME = "$(TARGET_NAME)";
				SWIFT_EMIT_LOC_STRINGS = YES;
				SWIFT_VERSION = 5.0;
				TARGETED_DEVICE_FAMILY = "1,2";
			};
			name = Release;
		};
		A8173552284E68330008CF8E /* Debug */ = {
			isa = XCBuildConfiguration;
			baseConfigurationReference = 5105CFB83A03B8B2DDC7E5D3 /* Pods-OstazTests.debug.xcconfig */;
			buildSettings = {
				ALWAYS_EMBED_SWIFT_STANDARD_LIBRARIES = YES;
				BUNDLE_LOADER = "$(TEST_HOST)";
				CODE_SIGN_STYLE = Automatic;
				CURRENT_PROJECT_VERSION = 1;
				DEVELOPMENT_TEAM = 92UAYACNLJ;
				GENERATE_INFOPLIST_FILE = YES;
				IPHONEOS_DEPLOYMENT_TARGET = 15.5;
				MARKETING_VERSION = 1.0;
				PRODUCT_BUNDLE_IDENTIFIER = eslam.OstazTests;
				PRODUCT_NAME = "$(TARGET_NAME)";
				SWIFT_EMIT_LOC_STRINGS = NO;
				SWIFT_VERSION = 5.0;
				TARGETED_DEVICE_FAMILY = "1,2";
				TEST_HOST = "$(BUILT_PRODUCTS_DIR)/Ostaz.app/Ostaz";
			};
			name = Debug;
		};
		A8173553284E68330008CF8E /* Release */ = {
			isa = XCBuildConfiguration;
			baseConfigurationReference = 04A961C387F5FE05530BA173 /* Pods-OstazTests.release.xcconfig */;
			buildSettings = {
				ALWAYS_EMBED_SWIFT_STANDARD_LIBRARIES = YES;
				BUNDLE_LOADER = "$(TEST_HOST)";
				CODE_SIGN_STYLE = Automatic;
				CURRENT_PROJECT_VERSION = 1;
				DEVELOPMENT_TEAM = 92UAYACNLJ;
				GENERATE_INFOPLIST_FILE = YES;
				IPHONEOS_DEPLOYMENT_TARGET = 15.5;
				MARKETING_VERSION = 1.0;
				PRODUCT_BUNDLE_IDENTIFIER = eslam.OstazTests;
				PRODUCT_NAME = "$(TARGET_NAME)";
				SWIFT_EMIT_LOC_STRINGS = NO;
				SWIFT_VERSION = 5.0;
				TARGETED_DEVICE_FAMILY = "1,2";
				TEST_HOST = "$(BUILT_PRODUCTS_DIR)/Ostaz.app/Ostaz";
			};
			name = Release;
		};
		A8173555284E68330008CF8E /* Debug */ = {
			isa = XCBuildConfiguration;
			baseConfigurationReference = 7C2CB43151644BE8B5BF2FE2 /* Pods-Ostaz-OstazUITests.debug.xcconfig */;
			buildSettings = {
				ALWAYS_EMBED_SWIFT_STANDARD_LIBRARIES = YES;
				CODE_SIGN_STYLE = Automatic;
				CURRENT_PROJECT_VERSION = 1;
				DEVELOPMENT_TEAM = 92UAYACNLJ;
				GENERATE_INFOPLIST_FILE = YES;
				MARKETING_VERSION = 1.0;
				PRODUCT_BUNDLE_IDENTIFIER = eslam.OstazUITests;
				PRODUCT_NAME = "$(TARGET_NAME)";
				SWIFT_EMIT_LOC_STRINGS = NO;
				SWIFT_VERSION = 5.0;
				TARGETED_DEVICE_FAMILY = "1,2";
				TEST_TARGET_NAME = Ostaz;
			};
			name = Debug;
		};
		A8173556284E68330008CF8E /* Release */ = {
			isa = XCBuildConfiguration;
			baseConfigurationReference = DB66CA99EA88BE48D1F9CB93 /* Pods-Ostaz-OstazUITests.release.xcconfig */;
			buildSettings = {
				ALWAYS_EMBED_SWIFT_STANDARD_LIBRARIES = YES;
				CODE_SIGN_STYLE = Automatic;
				CURRENT_PROJECT_VERSION = 1;
				DEVELOPMENT_TEAM = 92UAYACNLJ;
				GENERATE_INFOPLIST_FILE = YES;
				MARKETING_VERSION = 1.0;
				PRODUCT_BUNDLE_IDENTIFIER = eslam.OstazUITests;
				PRODUCT_NAME = "$(TARGET_NAME)";
				SWIFT_EMIT_LOC_STRINGS = NO;
				SWIFT_VERSION = 5.0;
				TARGETED_DEVICE_FAMILY = "1,2";
				TEST_TARGET_NAME = Ostaz;
			};
			name = Release;
		};
/* End XCBuildConfiguration section */

/* Begin XCConfigurationList section */
		A817351C284E68300008CF8E /* Build configuration list for PBXProject "Ostaz" */ = {
			isa = XCConfigurationList;
			buildConfigurations = (
				A817354C284E68330008CF8E /* Debug */,
				A817354D284E68330008CF8E /* Release */,
			);
			defaultConfigurationIsVisible = 0;
			defaultConfigurationName = Release;
		};
		A817354E284E68330008CF8E /* Build configuration list for PBXNativeTarget "Ostaz" */ = {
			isa = XCConfigurationList;
			buildConfigurations = (
				A817354F284E68330008CF8E /* Debug */,
				A8173550284E68330008CF8E /* Release */,
			);
			defaultConfigurationIsVisible = 0;
			defaultConfigurationName = Release;
		};
		A8173551284E68330008CF8E /* Build configuration list for PBXNativeTarget "OstazTests" */ = {
			isa = XCConfigurationList;
			buildConfigurations = (
				A8173552284E68330008CF8E /* Debug */,
				A8173553284E68330008CF8E /* Release */,
			);
			defaultConfigurationIsVisible = 0;
			defaultConfigurationName = Release;
		};
		A8173554284E68330008CF8E /* Build configuration list for PBXNativeTarget "OstazUITests" */ = {
			isa = XCConfigurationList;
			buildConfigurations = (
				A8173555284E68330008CF8E /* Debug */,
				A8173556284E68330008CF8E /* Release */,
			);
			defaultConfigurationIsVisible = 0;
			defaultConfigurationName = Release;
		};
/* End XCConfigurationList section */

/* Begin XCVersionGroup section */
		A817352D284E68300008CF8E /* Ostaz.xcdatamodeld */ = {
			isa = XCVersionGroup;
			children = (
				A817352E284E68300008CF8E /* Ostaz.xcdatamodel */,
			);
			currentVersion = A817352E284E68300008CF8E /* Ostaz.xcdatamodel */;
			path = Ostaz.xcdatamodeld;
			sourceTree = "<group>";
			versionGroupType = wrapper.xcdatamodel;
		};
/* End XCVersionGroup section */
	};
	rootObject = A8173519284E68300008CF8E /* Project object */;
}
